// !$*UTF8*$!
{
	archiveVersion = 1;
	classes = {
	};
	objectVersion = 46;
	objects = {

/* Begin PBXBuildFile section */
		EF0BFB5C1A27DE1500F0F8AE /* DDXMLElementAdditions.m in Sources */ = {isa = PBXBuildFile; fileRef = EF0BFB5B1A27DE1500F0F8AE /* DDXMLElementAdditions.m */; };
		EF0BFB5F1A27DE1F00F0F8AE /* NSString+DDXML.m in Sources */ = {isa = PBXBuildFile; fileRef = EF0BFB5E1A27DE1F00F0F8AE /* NSString+DDXML.m */; };
		EF0BFB671A27DE2700F0F8AE /* DDXMLDocument.m in Sources */ = {isa = PBXBuildFile; fileRef = EF0BFB621A27DE2700F0F8AE /* DDXMLDocument.m */; };
		EF0BFB681A27DE2700F0F8AE /* DDXMLElement.m in Sources */ = {isa = PBXBuildFile; fileRef = EF0BFB641A27DE2700F0F8AE /* DDXMLElement.m */; };
		EF0BFB691A27DE2700F0F8AE /* DDXMLNode.m in Sources */ = {isa = PBXBuildFile; fileRef = EF0BFB661A27DE2700F0F8AE /* DDXMLNode.m */; };
		EF0BFB811A27DE4B00F0F8AE /* TIFHelper.m in Sources */ = {isa = PBXBuildFile; fileRef = EF0BFB6C1A27DE4B00F0F8AE /* TIFHelper.m */; };
		EF0BFB821A27DE4B00F0F8AE /* TIFPHARMA_ITEM_COMP.m in Sources */ = {isa = PBXBuildFile; fileRef = EF0BFB6E1A27DE4B00F0F8AE /* TIFPHARMA_ITEM_COMP.m */; };
		EF0BFB831A27DE4B00F0F8AE /* TIFPHARMA_ITEM_STATUS.m in Sources */ = {isa = PBXBuildFile; fileRef = EF0BFB701A27DE4B00F0F8AE /* TIFPHARMA_ITEM_STATUS.m */; };
		EF0BFB841A27DE4B00F0F8AE /* TIFPHARMA_ITEM.m in Sources */ = {isa = PBXBuildFile; fileRef = EF0BFB721A27DE4B00F0F8AE /* TIFPHARMA_ITEM.m */; };
		EF0BFB851A27DE4B00F0F8AE /* TIFPHARMA_RESULT_OK_ERROR.m in Sources */ = {isa = PBXBuildFile; fileRef = EF0BFB741A27DE4B00F0F8AE /* TIFPHARMA_RESULT_OK_ERROR.m */; };
		EF0BFB861A27DE4B00F0F8AE /* TIFPHARMA_RESULT.m in Sources */ = {isa = PBXBuildFile; fileRef = EF0BFB761A27DE4B00F0F8AE /* TIFPHARMA_RESULT.m */; };
		EF0BFB871A27DE4B00F0F8AE /* TIFPHARMA.m in Sources */ = {isa = PBXBuildFile; fileRef = EF0BFB781A27DE4B00F0F8AE /* TIFPHARMA.m */; };
		EF0BFB881A27DE4B00F0F8AE /* TIFRequestResultHandler.m in Sources */ = {isa = PBXBuildFile; fileRef = EF0BFB7A1A27DE4B00F0F8AE /* TIFRequestResultHandler.m */; };
		EF0BFB891A27DE4B00F0F8AE /* TIFSoapError.m in Sources */ = {isa = PBXBuildFile; fileRef = EF0BFB7C1A27DE4B00F0F8AE /* TIFSoapError.m */; };
		EF0BFB8A1A27DE4B00F0F8AE /* TIFws_Pharma_V101Soap.m in Sources */ = {isa = PBXBuildFile; fileRef = EF0BFB7E1A27DE4B00F0F8AE /* TIFws_Pharma_V101Soap.m */; };
		EF0BFB8B1A27DE4B00F0F8AE /* TIFws_Pharma_V101Soap12.m in Sources */ = {isa = PBXBuildFile; fileRef = EF0BFB801A27DE4B00F0F8AE /* TIFws_Pharma_V101Soap12.m */; };
		EF1915BD1A04004400605B73 /* ValueCell.xib in Resources */ = {isa = PBXBuildFile; fileRef = EF1915BC1A04004400605B73 /* ValueCell.xib */; };
		EF1915C31A04008A00605B73 /* ValueCell.m in Sources */ = {isa = PBXBuildFile; fileRef = EF1915C21A04008A00605B73 /* ValueCell.m */; };
		EF1915C51A04052D00605B73 /* EmptyCell.xib in Resources */ = {isa = PBXBuildFile; fileRef = EF1915C41A04052D00605B73 /* EmptyCell.xib */; };
		EF1915C81A04056B00605B73 /* EmptyCell.m in Sources */ = {isa = PBXBuildFile; fileRef = EF1915C71A04056B00605B73 /* EmptyCell.m */; };
		EF1915D31A04147000605B73 /* AddValueController.m in Sources */ = {isa = PBXBuildFile; fileRef = EF1915D21A04147000605B73 /* AddValueController.m */; };
		EF2858FA1A29CF1100070BAC /* ProfileViewController.m in Sources */ = {isa = PBXBuildFile; fileRef = EF2858F11A29CF1100070BAC /* ProfileViewController.m */; };
		EF2858FB1A29CF1100070BAC /* EinheitenViewController.m in Sources */ = {isa = PBXBuildFile; fileRef = EF2858F31A29CF1100070BAC /* EinheitenViewController.m */; };
		EF2858FC1A29CF1100070BAC /* WerteViewController.m in Sources */ = {isa = PBXBuildFile; fileRef = EF2858F51A29CF1100070BAC /* WerteViewController.m */; };
		EF2858FD1A29CF1100070BAC /* HbA1cViewController.m in Sources */ = {isa = PBXBuildFile; fileRef = EF2858F71A29CF1100070BAC /* HbA1cViewController.m */; };
		EF2858FE1A29CF1100070BAC /* MaterialViewController.m in Sources */ = {isa = PBXBuildFile; fileRef = EF2858F91A29CF1100070BAC /* MaterialViewController.m */; };
		EF2859011A2A12C300070BAC /* Profil.m in Sources */ = {isa = PBXBuildFile; fileRef = EF2859001A2A12C300070BAC /* Profil.m */; };
		EF2859041A2A2A4600070BAC /* Werteeinstellungen.m in Sources */ = {isa = PBXBuildFile; fileRef = EF2859031A2A2A4600070BAC /* Werteeinstellungen.m */; };
		EF2859071A2A2E2C00070BAC /* HbA1cEinstellungen.m in Sources */ = {isa = PBXBuildFile; fileRef = EF2859061A2A2E2C00070BAC /* HbA1cEinstellungen.m */; };
		EF68EC911A02CB8600AD9663 /* main.m in Sources */ = {isa = PBXBuildFile; fileRef = EF68EC901A02CB8600AD9663 /* main.m */; };
		EF68EC941A02CB8600AD9663 /* AppDelegate.m in Sources */ = {isa = PBXBuildFile; fileRef = EF68EC931A02CB8600AD9663 /* AppDelegate.m */; };
		EF68EC971A02CB8600AD9663 /* FirstViewController.m in Sources */ = {isa = PBXBuildFile; fileRef = EF68EC961A02CB8600AD9663 /* FirstViewController.m */; };
		EF68EC9A1A02CB8600AD9663 /* SecondViewController.m in Sources */ = {isa = PBXBuildFile; fileRef = EF68EC991A02CB8600AD9663 /* SecondViewController.m */; };
		EF68EC9D1A02CB8600AD9663 /* Main.storyboard in Resources */ = {isa = PBXBuildFile; fileRef = EF68EC9B1A02CB8600AD9663 /* Main.storyboard */; };
		EF68EC9F1A02CB8600AD9663 /* Images.xcassets in Resources */ = {isa = PBXBuildFile; fileRef = EF68EC9E1A02CB8600AD9663 /* Images.xcassets */; };
		EF68ECA21A02CB8600AD9663 /* LaunchScreen.xib in Resources */ = {isa = PBXBuildFile; fileRef = EF68ECA01A02CB8600AD9663 /* LaunchScreen.xib */; };
		EF68ECAE1A02CB8600AD9663 /* sugarMETests.m in Sources */ = {isa = PBXBuildFile; fileRef = EF68ECAD1A02CB8600AD9663 /* sugarMETests.m */; };
		EF68ECB91A02CF1500AD9663 /* ThirdViewController.m in Sources */ = {isa = PBXBuildFile; fileRef = EF68ECB81A02CF1500AD9663 /* ThirdViewController.m */; };
		EF68ECBC1A02CF2B00AD9663 /* FourthViewController.m in Sources */ = {isa = PBXBuildFile; fileRef = EF68ECBB1A02CF2B00AD9663 /* FourthViewController.m */; };
		EF68ECBF1A02D15900AD9663 /* TabBarController.m in Sources */ = {isa = PBXBuildFile; fileRef = EF68ECBE1A02D15900AD9663 /* TabBarController.m */; };
		EF68ECC21A02D2EC00AD9663 /* FifthViewController.m in Sources */ = {isa = PBXBuildFile; fileRef = EF68ECC11A02D2EC00AD9663 /* FifthViewController.m */; };
		EF68ECC61A02D46400AD9663 /* home@2x.png in Resources */ = {isa = PBXBuildFile; fileRef = EF68ECC41A02D46400AD9663 /* home@2x.png */; };
		EF68ECC71A02D46400AD9663 /* home.png in Resources */ = {isa = PBXBuildFile; fileRef = EF68ECC51A02D46400AD9663 /* home.png */; };
		EF68ECCA1A02D5C300AD9663 /* werte.png in Resources */ = {isa = PBXBuildFile; fileRef = EF68ECC81A02D5C300AD9663 /* werte.png */; };
		EF68ECCB1A02D5C300AD9663 /* werte@2x.png in Resources */ = {isa = PBXBuildFile; fileRef = EF68ECC91A02D5C300AD9663 /* werte@2x.png */; };
		EF68ECCE1A02D68200AD9663 /* settings.png in Resources */ = {isa = PBXBuildFile; fileRef = EF68ECCC1A02D68200AD9663 /* settings.png */; };
		EF68ECCF1A02D68200AD9663 /* settings@2x.png in Resources */ = {isa = PBXBuildFile; fileRef = EF68ECCD1A02D68200AD9663 /* settings@2x.png */; };
		EF68ECD21A02D78A00AD9663 /* tools@2x.png in Resources */ = {isa = PBXBuildFile; fileRef = EF68ECD01A02D78A00AD9663 /* tools@2x.png */; };
		EF68ECD31A02D78A00AD9663 /* tools.png in Resources */ = {isa = PBXBuildFile; fileRef = EF68ECD11A02D78A00AD9663 /* tools.png */; };
		EF68ECD61A02D82F00AD9663 /* hba1c.png in Resources */ = {isa = PBXBuildFile; fileRef = EF68ECD41A02D82F00AD9663 /* hba1c.png */; };
		EF68ECD71A02D82F00AD9663 /* hba1c@2x.png in Resources */ = {isa = PBXBuildFile; fileRef = EF68ECD51A02D82F00AD9663 /* hba1c@2x.png */; };
		EF7163B61A04365700CDF001 /* ExportViewController.m in Sources */ = {isa = PBXBuildFile; fileRef = EF7163B51A04365700CDF001 /* ExportViewController.m */; };
		EF7163B81A04382300CDF001 /* MessageUI.framework in Frameworks */ = {isa = PBXBuildFile; fileRef = EF7163B71A04382300CDF001 /* MessageUI.framework */; };
		EF7EB2051A254B0E001F1302 /* QuartzCore.framework in Frameworks */ = {isa = PBXBuildFile; fileRef = EF7EB2041A254B0E001F1302 /* QuartzCore.framework */; };
		EF7EB2071A254B15001F1302 /* ImageIO.framework in Frameworks */ = {isa = PBXBuildFile; fileRef = EF7EB2061A254B15001F1302 /* ImageIO.framework */; };
		EF7EB2531A254B9C001F1302 /* ReaderAppDelegate.m in Sources */ = {isa = PBXBuildFile; fileRef = EF7EB20B1A254B9C001F1302 /* ReaderAppDelegate.m */; };
		EF7EB2541A254B9C001F1302 /* ReaderBookDelegate.m in Sources */ = {isa = PBXBuildFile; fileRef = EF7EB20D1A254B9C001F1302 /* ReaderBookDelegate.m */; };
		EF7EB2551A254B9C001F1302 /* ReaderDemoController.m in Sources */ = {isa = PBXBuildFile; fileRef = EF7EB20F1A254B9C001F1302 /* ReaderDemoController.m */; };
		EF7EB2561A254B9C001F1302 /* AppIcon-057.png in Resources */ = {isa = PBXBuildFile; fileRef = EF7EB2111A254B9C001F1302 /* AppIcon-057.png */; };
		EF7EB2571A254B9C001F1302 /* AppIcon-072.png in Resources */ = {isa = PBXBuildFile; fileRef = EF7EB2121A254B9C001F1302 /* AppIcon-072.png */; };
		EF7EB2581A254B9C001F1302 /* AppIcon-076.png in Resources */ = {isa = PBXBuildFile; fileRef = EF7EB2131A254B9C001F1302 /* AppIcon-076.png */; };
		EF7EB2591A254B9C001F1302 /* AppIcon-114.png in Resources */ = {isa = PBXBuildFile; fileRef = EF7EB2141A254B9C001F1302 /* AppIcon-114.png */; };
		EF7EB25A1A254B9C001F1302 /* AppIcon-120.png in Resources */ = {isa = PBXBuildFile; fileRef = EF7EB2151A254B9C001F1302 /* AppIcon-120.png */; };
		EF7EB25B1A254B9C001F1302 /* AppIcon-144.png in Resources */ = {isa = PBXBuildFile; fileRef = EF7EB2161A254B9C001F1302 /* AppIcon-144.png */; };
		EF7EB25C1A254B9C001F1302 /* AppIcon-152.png in Resources */ = {isa = PBXBuildFile; fileRef = EF7EB2171A254B9C001F1302 /* AppIcon-152.png */; };
		EF7EB25D1A254B9C001F1302 /* AppIcon-180.png in Resources */ = {isa = PBXBuildFile; fileRef = EF7EB2181A254B9C001F1302 /* AppIcon-180.png */; };
		EF7EB25E1A254B9C001F1302 /* Default-568h@2x.png in Resources */ = {isa = PBXBuildFile; fileRef = EF7EB2191A254B9C001F1302 /* Default-568h@2x.png */; };
		EF7EB25F1A254B9C001F1302 /* Reader-Button-H.png in Resources */ = {isa = PBXBuildFile; fileRef = EF7EB21A1A254B9C001F1302 /* Reader-Button-H.png */; };
		EF7EB2601A254B9C001F1302 /* Reader-Button-H@2x.png in Resources */ = {isa = PBXBuildFile; fileRef = EF7EB21B1A254B9C001F1302 /* Reader-Button-H@2x.png */; };
		EF7EB2611A254B9C001F1302 /* Reader-Button-N.png in Resources */ = {isa = PBXBuildFile; fileRef = EF7EB21C1A254B9C001F1302 /* Reader-Button-N.png */; };
		EF7EB2621A254B9C001F1302 /* Reader-Button-N@2x.png in Resources */ = {isa = PBXBuildFile; fileRef = EF7EB21D1A254B9C001F1302 /* Reader-Button-N@2x.png */; };
		EF7EB2631A254B9C001F1302 /* Reader-Email.png in Resources */ = {isa = PBXBuildFile; fileRef = EF7EB21E1A254B9C001F1302 /* Reader-Email.png */; };
		EF7EB2641A254B9C001F1302 /* Reader-Email@2x.png in Resources */ = {isa = PBXBuildFile; fileRef = EF7EB21F1A254B9C001F1302 /* Reader-Email@2x.png */; };
		EF7EB2651A254B9C001F1302 /* Reader-Export.png in Resources */ = {isa = PBXBuildFile; fileRef = EF7EB2201A254B9C001F1302 /* Reader-Export.png */; };
		EF7EB2661A254B9C001F1302 /* Reader-Export@2x.png in Resources */ = {isa = PBXBuildFile; fileRef = EF7EB2211A254B9C001F1302 /* Reader-Export@2x.png */; };
		EF7EB2671A254B9C001F1302 /* Reader-Mark-N.png in Resources */ = {isa = PBXBuildFile; fileRef = EF7EB2221A254B9C001F1302 /* Reader-Mark-N.png */; };
		EF7EB2681A254B9C001F1302 /* Reader-Mark-N@2x.png in Resources */ = {isa = PBXBuildFile; fileRef = EF7EB2231A254B9C001F1302 /* Reader-Mark-N@2x.png */; };
		EF7EB2691A254B9C001F1302 /* Reader-Mark-Y.png in Resources */ = {isa = PBXBuildFile; fileRef = EF7EB2241A254B9C001F1302 /* Reader-Mark-Y.png */; };
		EF7EB26A1A254B9C001F1302 /* Reader-Mark-Y@2x.png in Resources */ = {isa = PBXBuildFile; fileRef = EF7EB2251A254B9C001F1302 /* Reader-Mark-Y@2x.png */; };
		EF7EB26B1A254B9C001F1302 /* Reader-Print.png in Resources */ = {isa = PBXBuildFile; fileRef = EF7EB2261A254B9C001F1302 /* Reader-Print.png */; };
		EF7EB26C1A254B9C001F1302 /* Reader-Print@2x.png in Resources */ = {isa = PBXBuildFile; fileRef = EF7EB2271A254B9C001F1302 /* Reader-Print@2x.png */; };
		EF7EB26D1A254B9C001F1302 /* Reader-Thumbs.png in Resources */ = {isa = PBXBuildFile; fileRef = EF7EB2281A254B9C001F1302 /* Reader-Thumbs.png */; };
		EF7EB26E1A254B9C001F1302 /* Reader-Thumbs@2x.png in Resources */ = {isa = PBXBuildFile; fileRef = EF7EB2291A254B9C001F1302 /* Reader-Thumbs@2x.png */; };
		EF7EB26F1A254B9C001F1302 /* CGPDFDocument.m in Sources */ = {isa = PBXBuildFile; fileRef = EF7EB22C1A254B9C001F1302 /* CGPDFDocument.m */; };
		EF7EB2701A254B9C001F1302 /* ReaderConstants.m in Sources */ = {isa = PBXBuildFile; fileRef = EF7EB22E1A254B9C001F1302 /* ReaderConstants.m */; };
		EF7EB2711A254B9C001F1302 /* ReaderContentPage.m in Sources */ = {isa = PBXBuildFile; fileRef = EF7EB2301A254B9C001F1302 /* ReaderContentPage.m */; };
		EF7EB2721A254B9C001F1302 /* ReaderContentTile.m in Sources */ = {isa = PBXBuildFile; fileRef = EF7EB2321A254B9C001F1302 /* ReaderContentTile.m */; };
		EF7EB2731A254B9C001F1302 /* ReaderContentView.m in Sources */ = {isa = PBXBuildFile; fileRef = EF7EB2341A254B9C001F1302 /* ReaderContentView.m */; };
		EF7EB2741A254B9C001F1302 /* ReaderDocument.m in Sources */ = {isa = PBXBuildFile; fileRef = EF7EB2361A254B9C001F1302 /* ReaderDocument.m */; };
		EF7EB2751A254B9C001F1302 /* ReaderDocumentOutline.m in Sources */ = {isa = PBXBuildFile; fileRef = EF7EB2381A254B9C001F1302 /* ReaderDocumentOutline.m */; };
		EF7EB2761A254B9C001F1302 /* ReaderMainPagebar.m in Sources */ = {isa = PBXBuildFile; fileRef = EF7EB23A1A254B9C001F1302 /* ReaderMainPagebar.m */; };
		EF7EB2771A254B9C001F1302 /* ReaderMainToolbar.m in Sources */ = {isa = PBXBuildFile; fileRef = EF7EB23C1A254B9C001F1302 /* ReaderMainToolbar.m */; };
		EF7EB2781A254B9C001F1302 /* ReaderThumbCache.m in Sources */ = {isa = PBXBuildFile; fileRef = EF7EB23E1A254B9C001F1302 /* ReaderThumbCache.m */; };
		EF7EB2791A254B9C001F1302 /* ReaderThumbFetch.m in Sources */ = {isa = PBXBuildFile; fileRef = EF7EB2401A254B9C001F1302 /* ReaderThumbFetch.m */; };
		EF7EB27A1A254B9C001F1302 /* ReaderThumbQueue.m in Sources */ = {isa = PBXBuildFile; fileRef = EF7EB2421A254B9C001F1302 /* ReaderThumbQueue.m */; };
		EF7EB27B1A254B9C001F1302 /* ReaderThumbRender.m in Sources */ = {isa = PBXBuildFile; fileRef = EF7EB2441A254B9C001F1302 /* ReaderThumbRender.m */; };
		EF7EB27C1A254B9C001F1302 /* ReaderThumbRequest.m in Sources */ = {isa = PBXBuildFile; fileRef = EF7EB2461A254B9C001F1302 /* ReaderThumbRequest.m */; };
		EF7EB27D1A254B9C001F1302 /* ReaderThumbsView.m in Sources */ = {isa = PBXBuildFile; fileRef = EF7EB2481A254B9C001F1302 /* ReaderThumbsView.m */; };
		EF7EB27E1A254B9C001F1302 /* ReaderThumbView.m in Sources */ = {isa = PBXBuildFile; fileRef = EF7EB24A1A254B9C001F1302 /* ReaderThumbView.m */; };
		EF7EB27F1A254B9C001F1302 /* ReaderViewController.m in Sources */ = {isa = PBXBuildFile; fileRef = EF7EB24C1A254B9C001F1302 /* ReaderViewController.m */; };
		EF7EB2801A254B9C001F1302 /* ThumbsMainToolbar.m in Sources */ = {isa = PBXBuildFile; fileRef = EF7EB24E1A254B9C001F1302 /* ThumbsMainToolbar.m */; };
		EF7EB2811A254B9C001F1302 /* ThumbsViewController.m in Sources */ = {isa = PBXBuildFile; fileRef = EF7EB2501A254B9C001F1302 /* ThumbsViewController.m */; };
		EF7EB2821A254B9C001F1302 /* UIXToolbarView.m in Sources */ = {isa = PBXBuildFile; fileRef = EF7EB2521A254B9C001F1302 /* UIXToolbarView.m */; };
		EF867F171A24C4DE00D3D1EA /* pulsimage.png in Resources */ = {isa = PBXBuildFile; fileRef = EF867F161A24C4DE00D3D1EA /* pulsimage.png */; };
		EF867F191A24C58500D3D1EA /* pulsimage2.jpg in Resources */ = {isa = PBXBuildFile; fileRef = EF867F181A24C58500D3D1EA /* pulsimage2.jpg */; };
		EF867F1B1A24C70C00D3D1EA /* blutdruckmesser-2.jpg in Resources */ = {isa = PBXBuildFile; fileRef = EF867F1A1A24C70C00D3D1EA /* blutdruckmesser-2.jpg */; };
		EF869B701A18CBCC00D9F02A /* DetailMaterialViewController.m in Sources */ = {isa = PBXBuildFile; fileRef = EF869B6F1A18CBCC00D9F02A /* DetailMaterialViewController.m */; };
		EF869B721A18CD9900D9F02A /* thumblantus-1.jpg in Resources */ = {isa = PBXBuildFile; fileRef = EF869B711A18CD9900D9F02A /* thumblantus-1.jpg */; };
		EF92FFD31A02E541000AAE45 /* HighLowCell.xib in Resources */ = {isa = PBXBuildFile; fileRef = EF92FFD21A02E541000AAE45 /* HighLowCell.xib */; };
		EF92FFD61A02E763000AAE45 /* HighLowCell.m in Sources */ = {isa = PBXBuildFile; fileRef = EF92FFD51A02E763000AAE45 /* HighLowCell.m */; };
		EF92FFDB1A02EF0F000AAE45 /* MeasureCell.m in Sources */ = {isa = PBXBuildFile; fileRef = EF92FFDA1A02EF0F000AAE45 /* MeasureCell.m */; };
		EF92FFDF1A02F5CB000AAE45 /* UserCell.xib in Resources */ = {isa = PBXBuildFile; fileRef = EF92FFDE1A02F5CB000AAE45 /* UserCell.xib */; };
		EF92FFE11A02F6A0000AAE45 /* user-icon.png in Resources */ = {isa = PBXBuildFile; fileRef = EF92FFE01A02F6A0000AAE45 /* user-icon.png */; };
		EF92FFE41A02F764000AAE45 /* UserCell.m in Sources */ = {isa = PBXBuildFile; fileRef = EF92FFE31A02F764000AAE45 /* UserCell.m */; };
		EFB325C81A24E9280043C718 /* hba1cimage.png in Resources */ = {isa = PBXBuildFile; fileRef = EFB325C71A24E9280043C718 /* hba1cimage.png */; };
		EFBF64F81A0A312A00D31A8B /* GraphView.m in Sources */ = {isa = PBXBuildFile; fileRef = EFBF64F71A0A312A00D31A8B /* GraphView.m */; };
		EFD35D0C1A1607DF009A02AC /* HbA1c.m in Sources */ = {isa = PBXBuildFile; fileRef = EFD35D0B1A1607DF009A02AC /* HbA1c.m */; };
		EFD35D0F1A160A52009A02AC /* AddHbA1cViewController.m in Sources */ = {isa = PBXBuildFile; fileRef = EFD35D0E1A160A52009A02AC /* AddHbA1cViewController.m */; };
		EFD35D121A160FED009A02AC /* AmpelView.m in Sources */ = {isa = PBXBuildFile; fileRef = EFD35D111A160FED009A02AC /* AmpelView.m */; };
		EFE720461A18DD2B00F7E637 /* AddMaterialViewController.m in Sources */ = {isa = PBXBuildFile; fileRef = EFE720451A18DD2B00F7E637 /* AddMaterialViewController.m */; };
		EFEADD2C1A037B1F001332C7 /* MeasureCell.xib in Resources */ = {isa = PBXBuildFile; fileRef = EFEADD2B1A037B1F001332C7 /* MeasureCell.xib */; };
		EFEB47EF1A27514900284B64 /* Barcode.m in Sources */ = {isa = PBXBuildFile; fileRef = EFEB47EE1A27514900284B64 /* Barcode.m */; };
		EFEB47F21A2751CE00284B64 /* ScannerViewController.m in Sources */ = {isa = PBXBuildFile; fileRef = EFEB47F11A2751CE00284B64 /* ScannerViewController.m */; };
		EFEB47F61A276F8700284B64 /* blutzucker.png in Resources */ = {isa = PBXBuildFile; fileRef = EFEB47F51A276F8700284B64 /* blutzucker.png */; };
		EFF89A681A06415700398332 /* sugarmeDB.xcdatamodeld in Sources */ = {isa = PBXBuildFile; fileRef = EFF89A661A06415700398332 /* sugarmeDB.xcdatamodeld */; };
		EFF89A6C1A06428B00398332 /* Blutzucker.m in Sources */ = {isa = PBXBuildFile; fileRef = EFF89A6B1A06428B00398332 /* Blutzucker.m */; };
		EFF89A6E1A0642C700398332 /* CoreData.framework in Frameworks */ = {isa = PBXBuildFile; fileRef = EFF89A6D1A0642C700398332 /* CoreData.framework */; };
		EFF89AA61A0690D300398332 /* Blutdruck.m in Sources */ = {isa = PBXBuildFile; fileRef = EFF89AA51A0690D300398332 /* Blutdruck.m */; };
		EFF89AA91A0690DF00398332 /* Puls.m in Sources */ = {isa = PBXBuildFile; fileRef = EFF89AA81A0690DF00398332 /* Puls.m */; };
		EFFFA2021A14B315003D55D7 /* bfh-logo.png in Resources */ = {isa = PBXBuildFile; fileRef = EFFFA2011A14B315003D55D7 /* bfh-logo.png */; };
		EFFFA2061A14B782003D55D7 /* sugarMElogo.png in Resources */ = {isa = PBXBuildFile; fileRef = EFFFA2051A14B782003D55D7 /* sugarMElogo.png */; };
		EFFFA2091A14BAE7003D55D7 /* thumbnovo2.jpg in Resources */ = {isa = PBXBuildFile; fileRef = EFFFA2071A14BAE7003D55D7 /* thumbnovo2.jpg */; };
		EFFFA20A1A14BAE7003D55D7 /* thumblantus.jpg in Resources */ = {isa = PBXBuildFile; fileRef = EFFFA2081A14BAE7003D55D7 /* thumblantus.jpg */; };
		EFFFA20E1A14BAEB003D55D7 /* barcode.png in Resources */ = {isa = PBXBuildFile; fileRef = EFFFA20C1A14BAEB003D55D7 /* barcode.png */; };
		EFFFA2101A14BAEF003D55D7 /* thumbsoftzellin.jpg in Resources */ = {isa = PBXBuildFile; fileRef = EFFFA20F1A14BAEF003D55D7 /* thumbsoftzellin.jpg */; };
		EFFFA2121A14BC60003D55D7 /* thumbnovofine.jpg in Resources */ = {isa = PBXBuildFile; fileRef = EFFFA2111A14BC60003D55D7 /* thumbnovofine.jpg */; };
		EFFFA2141A14BD85003D55D7 /* thumbaccucheck.jpg in Resources */ = {isa = PBXBuildFile; fileRef = EFFFA2131A14BD85003D55D7 /* thumbaccucheck.jpg */; };
		EFFFA2171A14C4A0003D55D7 /* Material.m in Sources */ = {isa = PBXBuildFile; fileRef = EFFFA2161A14C4A0003D55D7 /* Material.m */; };
/* End PBXBuildFile section */

/* Begin PBXContainerItemProxy section */
		EF68ECA81A02CB8600AD9663 /* PBXContainerItemProxy */ = {
			isa = PBXContainerItemProxy;
			containerPortal = EF68EC831A02CB8600AD9663 /* Project object */;
			proxyType = 1;
			remoteGlobalIDString = EF68EC8A1A02CB8600AD9663;
			remoteInfo = sugarME;
		};
/* End PBXContainerItemProxy section */

/* Begin PBXFileReference section */
		EF0BFB5A1A27DE1500F0F8AE /* DDXMLElementAdditions.h */ = {isa = PBXFileReference; fileEncoding = 4; lastKnownFileType = sourcecode.c.h; path = DDXMLElementAdditions.h; sourceTree = "<group>"; };
		EF0BFB5B1A27DE1500F0F8AE /* DDXMLElementAdditions.m */ = {isa = PBXFileReference; fileEncoding = 4; lastKnownFileType = sourcecode.c.objc; path = DDXMLElementAdditions.m; sourceTree = "<group>"; };
		EF0BFB5D1A27DE1F00F0F8AE /* NSString+DDXML.h */ = {isa = PBXFileReference; fileEncoding = 4; lastKnownFileType = sourcecode.c.h; path = "NSString+DDXML.h"; sourceTree = "<group>"; };
		EF0BFB5E1A27DE1F00F0F8AE /* NSString+DDXML.m */ = {isa = PBXFileReference; fileEncoding = 4; lastKnownFileType = sourcecode.c.objc; path = "NSString+DDXML.m"; sourceTree = "<group>"; };
		EF0BFB601A27DE2700F0F8AE /* DDXML.h */ = {isa = PBXFileReference; fileEncoding = 4; lastKnownFileType = sourcecode.c.h; path = DDXML.h; sourceTree = "<group>"; };
		EF0BFB611A27DE2700F0F8AE /* DDXMLDocument.h */ = {isa = PBXFileReference; fileEncoding = 4; lastKnownFileType = sourcecode.c.h; path = DDXMLDocument.h; sourceTree = "<group>"; };
		EF0BFB621A27DE2700F0F8AE /* DDXMLDocument.m */ = {isa = PBXFileReference; fileEncoding = 4; lastKnownFileType = sourcecode.c.objc; path = DDXMLDocument.m; sourceTree = "<group>"; };
		EF0BFB631A27DE2700F0F8AE /* DDXMLElement.h */ = {isa = PBXFileReference; fileEncoding = 4; lastKnownFileType = sourcecode.c.h; path = DDXMLElement.h; sourceTree = "<group>"; };
		EF0BFB641A27DE2700F0F8AE /* DDXMLElement.m */ = {isa = PBXFileReference; fileEncoding = 4; lastKnownFileType = sourcecode.c.objc; path = DDXMLElement.m; sourceTree = "<group>"; };
		EF0BFB651A27DE2700F0F8AE /* DDXMLNode.h */ = {isa = PBXFileReference; fileEncoding = 4; lastKnownFileType = sourcecode.c.h; path = DDXMLNode.h; sourceTree = "<group>"; };
		EF0BFB661A27DE2700F0F8AE /* DDXMLNode.m */ = {isa = PBXFileReference; fileEncoding = 4; lastKnownFileType = sourcecode.c.objc; path = DDXMLNode.m; sourceTree = "<group>"; };
		EF0BFB6A1A27DE3700F0F8AE /* DDXMLPrivate.h */ = {isa = PBXFileReference; lastKnownFileType = sourcecode.c.h; path = DDXMLPrivate.h; sourceTree = "<group>"; };
		EF0BFB6B1A27DE4B00F0F8AE /* TIFHelper.h */ = {isa = PBXFileReference; fileEncoding = 4; lastKnownFileType = sourcecode.c.h; path = TIFHelper.h; sourceTree = "<group>"; };
		EF0BFB6C1A27DE4B00F0F8AE /* TIFHelper.m */ = {isa = PBXFileReference; fileEncoding = 4; lastKnownFileType = sourcecode.c.objc; path = TIFHelper.m; sourceTree = "<group>"; };
		EF0BFB6D1A27DE4B00F0F8AE /* TIFPHARMA_ITEM_COMP.h */ = {isa = PBXFileReference; fileEncoding = 4; lastKnownFileType = sourcecode.c.h; path = TIFPHARMA_ITEM_COMP.h; sourceTree = "<group>"; };
		EF0BFB6E1A27DE4B00F0F8AE /* TIFPHARMA_ITEM_COMP.m */ = {isa = PBXFileReference; fileEncoding = 4; lastKnownFileType = sourcecode.c.objc; path = TIFPHARMA_ITEM_COMP.m; sourceTree = "<group>"; };
		EF0BFB6F1A27DE4B00F0F8AE /* TIFPHARMA_ITEM_STATUS.h */ = {isa = PBXFileReference; fileEncoding = 4; lastKnownFileType = sourcecode.c.h; path = TIFPHARMA_ITEM_STATUS.h; sourceTree = "<group>"; };
		EF0BFB701A27DE4B00F0F8AE /* TIFPHARMA_ITEM_STATUS.m */ = {isa = PBXFileReference; fileEncoding = 4; lastKnownFileType = sourcecode.c.objc; path = TIFPHARMA_ITEM_STATUS.m; sourceTree = "<group>"; };
		EF0BFB711A27DE4B00F0F8AE /* TIFPHARMA_ITEM.h */ = {isa = PBXFileReference; fileEncoding = 4; lastKnownFileType = sourcecode.c.h; path = TIFPHARMA_ITEM.h; sourceTree = "<group>"; };
		EF0BFB721A27DE4B00F0F8AE /* TIFPHARMA_ITEM.m */ = {isa = PBXFileReference; fileEncoding = 4; lastKnownFileType = sourcecode.c.objc; path = TIFPHARMA_ITEM.m; sourceTree = "<group>"; };
		EF0BFB731A27DE4B00F0F8AE /* TIFPHARMA_RESULT_OK_ERROR.h */ = {isa = PBXFileReference; fileEncoding = 4; lastKnownFileType = sourcecode.c.h; path = TIFPHARMA_RESULT_OK_ERROR.h; sourceTree = "<group>"; };
		EF0BFB741A27DE4B00F0F8AE /* TIFPHARMA_RESULT_OK_ERROR.m */ = {isa = PBXFileReference; fileEncoding = 4; lastKnownFileType = sourcecode.c.objc; path = TIFPHARMA_RESULT_OK_ERROR.m; sourceTree = "<group>"; };
		EF0BFB751A27DE4B00F0F8AE /* TIFPHARMA_RESULT.h */ = {isa = PBXFileReference; fileEncoding = 4; lastKnownFileType = sourcecode.c.h; path = TIFPHARMA_RESULT.h; sourceTree = "<group>"; };
		EF0BFB761A27DE4B00F0F8AE /* TIFPHARMA_RESULT.m */ = {isa = PBXFileReference; fileEncoding = 4; lastKnownFileType = sourcecode.c.objc; path = TIFPHARMA_RESULT.m; sourceTree = "<group>"; };
		EF0BFB771A27DE4B00F0F8AE /* TIFPHARMA.h */ = {isa = PBXFileReference; fileEncoding = 4; lastKnownFileType = sourcecode.c.h; path = TIFPHARMA.h; sourceTree = "<group>"; };
		EF0BFB781A27DE4B00F0F8AE /* TIFPHARMA.m */ = {isa = PBXFileReference; fileEncoding = 4; lastKnownFileType = sourcecode.c.objc; path = TIFPHARMA.m; sourceTree = "<group>"; };
		EF0BFB791A27DE4B00F0F8AE /* TIFRequestResultHandler.h */ = {isa = PBXFileReference; fileEncoding = 4; lastKnownFileType = sourcecode.c.h; path = TIFRequestResultHandler.h; sourceTree = "<group>"; };
		EF0BFB7A1A27DE4B00F0F8AE /* TIFRequestResultHandler.m */ = {isa = PBXFileReference; fileEncoding = 4; lastKnownFileType = sourcecode.c.objc; path = TIFRequestResultHandler.m; sourceTree = "<group>"; };
		EF0BFB7B1A27DE4B00F0F8AE /* TIFSoapError.h */ = {isa = PBXFileReference; fileEncoding = 4; lastKnownFileType = sourcecode.c.h; path = TIFSoapError.h; sourceTree = "<group>"; };
		EF0BFB7C1A27DE4B00F0F8AE /* TIFSoapError.m */ = {isa = PBXFileReference; fileEncoding = 4; lastKnownFileType = sourcecode.c.objc; path = TIFSoapError.m; sourceTree = "<group>"; };
		EF0BFB7D1A27DE4B00F0F8AE /* TIFws_Pharma_V101Soap.h */ = {isa = PBXFileReference; fileEncoding = 4; lastKnownFileType = sourcecode.c.h; path = TIFws_Pharma_V101Soap.h; sourceTree = "<group>"; };
		EF0BFB7E1A27DE4B00F0F8AE /* TIFws_Pharma_V101Soap.m */ = {isa = PBXFileReference; fileEncoding = 4; lastKnownFileType = sourcecode.c.objc; path = TIFws_Pharma_V101Soap.m; sourceTree = "<group>"; };
		EF0BFB7F1A27DE4B00F0F8AE /* TIFws_Pharma_V101Soap12.h */ = {isa = PBXFileReference; fileEncoding = 4; lastKnownFileType = sourcecode.c.h; path = TIFws_Pharma_V101Soap12.h; sourceTree = "<group>"; };
		EF0BFB801A27DE4B00F0F8AE /* TIFws_Pharma_V101Soap12.m */ = {isa = PBXFileReference; fileEncoding = 4; lastKnownFileType = sourcecode.c.objc; path = TIFws_Pharma_V101Soap12.m; sourceTree = "<group>"; };
		EF1915BC1A04004400605B73 /* ValueCell.xib */ = {isa = PBXFileReference; fileEncoding = 4; lastKnownFileType = file.xib; path = ValueCell.xib; sourceTree = "<group>"; };
		EF1915C11A04008A00605B73 /* ValueCell.h */ = {isa = PBXFileReference; fileEncoding = 4; lastKnownFileType = sourcecode.c.h; path = ValueCell.h; sourceTree = "<group>"; };
		EF1915C21A04008A00605B73 /* ValueCell.m */ = {isa = PBXFileReference; fileEncoding = 4; lastKnownFileType = sourcecode.c.objc; path = ValueCell.m; sourceTree = "<group>"; };
		EF1915C41A04052D00605B73 /* EmptyCell.xib */ = {isa = PBXFileReference; fileEncoding = 4; lastKnownFileType = file.xib; path = EmptyCell.xib; sourceTree = "<group>"; };
		EF1915C61A04056B00605B73 /* EmptyCell.h */ = {isa = PBXFileReference; fileEncoding = 4; lastKnownFileType = sourcecode.c.h; path = EmptyCell.h; sourceTree = "<group>"; };
		EF1915C71A04056B00605B73 /* EmptyCell.m */ = {isa = PBXFileReference; fileEncoding = 4; lastKnownFileType = sourcecode.c.objc; path = EmptyCell.m; sourceTree = "<group>"; };
		EF1915D11A04147000605B73 /* AddValueController.h */ = {isa = PBXFileReference; fileEncoding = 4; lastKnownFileType = sourcecode.c.h; path = AddValueController.h; sourceTree = "<group>"; };
		EF1915D21A04147000605B73 /* AddValueController.m */ = {isa = PBXFileReference; fileEncoding = 4; lastKnownFileType = sourcecode.c.objc; path = AddValueController.m; sourceTree = "<group>"; };
		EF2858F01A29CF1100070BAC /* ProfileViewController.h */ = {isa = PBXFileReference; fileEncoding = 4; lastKnownFileType = sourcecode.c.h; path = ProfileViewController.h; sourceTree = "<group>"; };
		EF2858F11A29CF1100070BAC /* ProfileViewController.m */ = {isa = PBXFileReference; fileEncoding = 4; lastKnownFileType = sourcecode.c.objc; path = ProfileViewController.m; sourceTree = "<group>"; };
		EF2858F21A29CF1100070BAC /* EinheitenViewController.h */ = {isa = PBXFileReference; fileEncoding = 4; lastKnownFileType = sourcecode.c.h; path = EinheitenViewController.h; sourceTree = "<group>"; };
		EF2858F31A29CF1100070BAC /* EinheitenViewController.m */ = {isa = PBXFileReference; fileEncoding = 4; lastKnownFileType = sourcecode.c.objc; path = EinheitenViewController.m; sourceTree = "<group>"; };
		EF2858F41A29CF1100070BAC /* WerteViewController.h */ = {isa = PBXFileReference; fileEncoding = 4; lastKnownFileType = sourcecode.c.h; path = WerteViewController.h; sourceTree = "<group>"; };
		EF2858F51A29CF1100070BAC /* WerteViewController.m */ = {isa = PBXFileReference; fileEncoding = 4; lastKnownFileType = sourcecode.c.objc; path = WerteViewController.m; sourceTree = "<group>"; };
		EF2858F61A29CF1100070BAC /* HbA1cViewController.h */ = {isa = PBXFileReference; fileEncoding = 4; lastKnownFileType = sourcecode.c.h; path = HbA1cViewController.h; sourceTree = "<group>"; };
		EF2858F71A29CF1100070BAC /* HbA1cViewController.m */ = {isa = PBXFileReference; fileEncoding = 4; lastKnownFileType = sourcecode.c.objc; path = HbA1cViewController.m; sourceTree = "<group>"; };
		EF2858F81A29CF1100070BAC /* MaterialViewController.h */ = {isa = PBXFileReference; fileEncoding = 4; lastKnownFileType = sourcecode.c.h; path = MaterialViewController.h; sourceTree = "<group>"; };
		EF2858F91A29CF1100070BAC /* MaterialViewController.m */ = {isa = PBXFileReference; fileEncoding = 4; lastKnownFileType = sourcecode.c.objc; path = MaterialViewController.m; sourceTree = "<group>"; };
		EF2858FF1A2A12C300070BAC /* Profil.h */ = {isa = PBXFileReference; fileEncoding = 4; lastKnownFileType = sourcecode.c.h; path = Profil.h; sourceTree = "<group>"; };
		EF2859001A2A12C300070BAC /* Profil.m */ = {isa = PBXFileReference; fileEncoding = 4; lastKnownFileType = sourcecode.c.objc; path = Profil.m; sourceTree = "<group>"; };
		EF2859021A2A2A4600070BAC /* Werteeinstellungen.h */ = {isa = PBXFileReference; fileEncoding = 4; lastKnownFileType = sourcecode.c.h; path = Werteeinstellungen.h; sourceTree = "<group>"; };
		EF2859031A2A2A4600070BAC /* Werteeinstellungen.m */ = {isa = PBXFileReference; fileEncoding = 4; lastKnownFileType = sourcecode.c.objc; path = Werteeinstellungen.m; sourceTree = "<group>"; };
		EF2859051A2A2E2C00070BAC /* HbA1cEinstellungen.h */ = {isa = PBXFileReference; fileEncoding = 4; lastKnownFileType = sourcecode.c.h; path = HbA1cEinstellungen.h; sourceTree = "<group>"; };
		EF2859061A2A2E2C00070BAC /* HbA1cEinstellungen.m */ = {isa = PBXFileReference; fileEncoding = 4; lastKnownFileType = sourcecode.c.objc; path = HbA1cEinstellungen.m; sourceTree = "<group>"; };
		EF68EC8B1A02CB8600AD9663 /* sugarME.app */ = {isa = PBXFileReference; explicitFileType = wrapper.application; includeInIndex = 0; path = sugarME.app; sourceTree = BUILT_PRODUCTS_DIR; };
		EF68EC8F1A02CB8600AD9663 /* Info.plist */ = {isa = PBXFileReference; lastKnownFileType = text.plist.xml; path = Info.plist; sourceTree = "<group>"; };
		EF68EC901A02CB8600AD9663 /* main.m */ = {isa = PBXFileReference; lastKnownFileType = sourcecode.c.objc; path = main.m; sourceTree = "<group>"; };
		EF68EC921A02CB8600AD9663 /* AppDelegate.h */ = {isa = PBXFileReference; lastKnownFileType = sourcecode.c.h; path = AppDelegate.h; sourceTree = "<group>"; };
		EF68EC931A02CB8600AD9663 /* AppDelegate.m */ = {isa = PBXFileReference; lastKnownFileType = sourcecode.c.objc; path = AppDelegate.m; sourceTree = "<group>"; };
		EF68EC951A02CB8600AD9663 /* FirstViewController.h */ = {isa = PBXFileReference; lastKnownFileType = sourcecode.c.h; path = FirstViewController.h; sourceTree = "<group>"; };
		EF68EC961A02CB8600AD9663 /* FirstViewController.m */ = {isa = PBXFileReference; lastKnownFileType = sourcecode.c.objc; path = FirstViewController.m; sourceTree = "<group>"; };
		EF68EC981A02CB8600AD9663 /* SecondViewController.h */ = {isa = PBXFileReference; lastKnownFileType = sourcecode.c.h; path = SecondViewController.h; sourceTree = "<group>"; };
		EF68EC991A02CB8600AD9663 /* SecondViewController.m */ = {isa = PBXFileReference; lastKnownFileType = sourcecode.c.objc; path = SecondViewController.m; sourceTree = "<group>"; };
		EF68EC9C1A02CB8600AD9663 /* Base */ = {isa = PBXFileReference; lastKnownFileType = file.storyboard; name = Base; path = Base.lproj/Main.storyboard; sourceTree = "<group>"; };
		EF68EC9E1A02CB8600AD9663 /* Images.xcassets */ = {isa = PBXFileReference; lastKnownFileType = folder.assetcatalog; path = Images.xcassets; sourceTree = "<group>"; };
		EF68ECA11A02CB8600AD9663 /* Base */ = {isa = PBXFileReference; lastKnownFileType = file.xib; name = Base; path = Base.lproj/LaunchScreen.xib; sourceTree = "<group>"; };
		EF68ECA71A02CB8600AD9663 /* sugarMETests.xctest */ = {isa = PBXFileReference; explicitFileType = wrapper.cfbundle; includeInIndex = 0; path = sugarMETests.xctest; sourceTree = BUILT_PRODUCTS_DIR; };
		EF68ECAC1A02CB8600AD9663 /* Info.plist */ = {isa = PBXFileReference; lastKnownFileType = text.plist.xml; path = Info.plist; sourceTree = "<group>"; };
		EF68ECAD1A02CB8600AD9663 /* sugarMETests.m */ = {isa = PBXFileReference; lastKnownFileType = sourcecode.c.objc; path = sugarMETests.m; sourceTree = "<group>"; };
		EF68ECB71A02CF1500AD9663 /* ThirdViewController.h */ = {isa = PBXFileReference; fileEncoding = 4; lastKnownFileType = sourcecode.c.h; path = ThirdViewController.h; sourceTree = "<group>"; };
		EF68ECB81A02CF1500AD9663 /* ThirdViewController.m */ = {isa = PBXFileReference; fileEncoding = 4; lastKnownFileType = sourcecode.c.objc; path = ThirdViewController.m; sourceTree = "<group>"; };
		EF68ECBA1A02CF2B00AD9663 /* FourthViewController.h */ = {isa = PBXFileReference; fileEncoding = 4; lastKnownFileType = sourcecode.c.h; path = FourthViewController.h; sourceTree = "<group>"; };
		EF68ECBB1A02CF2B00AD9663 /* FourthViewController.m */ = {isa = PBXFileReference; fileEncoding = 4; lastKnownFileType = sourcecode.c.objc; path = FourthViewController.m; sourceTree = "<group>"; };
		EF68ECBD1A02D15900AD9663 /* TabBarController.h */ = {isa = PBXFileReference; fileEncoding = 4; lastKnownFileType = sourcecode.c.h; path = TabBarController.h; sourceTree = "<group>"; };
		EF68ECBE1A02D15900AD9663 /* TabBarController.m */ = {isa = PBXFileReference; fileEncoding = 4; lastKnownFileType = sourcecode.c.objc; path = TabBarController.m; sourceTree = "<group>"; };
		EF68ECC01A02D2EC00AD9663 /* FifthViewController.h */ = {isa = PBXFileReference; fileEncoding = 4; lastKnownFileType = sourcecode.c.h; path = FifthViewController.h; sourceTree = "<group>"; };
		EF68ECC11A02D2EC00AD9663 /* FifthViewController.m */ = {isa = PBXFileReference; fileEncoding = 4; lastKnownFileType = sourcecode.c.objc; path = FifthViewController.m; sourceTree = "<group>"; };
		EF68ECC41A02D46400AD9663 /* home@2x.png */ = {isa = PBXFileReference; lastKnownFileType = image.png; path = "home@2x.png"; sourceTree = "<group>"; };
		EF68ECC51A02D46400AD9663 /* home.png */ = {isa = PBXFileReference; lastKnownFileType = image.png; path = home.png; sourceTree = "<group>"; };
		EF68ECC81A02D5C300AD9663 /* werte.png */ = {isa = PBXFileReference; lastKnownFileType = image.png; path = werte.png; sourceTree = "<group>"; };
		EF68ECC91A02D5C300AD9663 /* werte@2x.png */ = {isa = PBXFileReference; lastKnownFileType = image.png; path = "werte@2x.png"; sourceTree = "<group>"; };
		EF68ECCC1A02D68200AD9663 /* settings.png */ = {isa = PBXFileReference; lastKnownFileType = image.png; path = settings.png; sourceTree = "<group>"; };
		EF68ECCD1A02D68200AD9663 /* settings@2x.png */ = {isa = PBXFileReference; lastKnownFileType = image.png; path = "settings@2x.png"; sourceTree = "<group>"; };
		EF68ECD01A02D78A00AD9663 /* tools@2x.png */ = {isa = PBXFileReference; lastKnownFileType = image.png; path = "tools@2x.png"; sourceTree = "<group>"; };
		EF68ECD11A02D78A00AD9663 /* tools.png */ = {isa = PBXFileReference; lastKnownFileType = image.png; path = tools.png; sourceTree = "<group>"; };
		EF68ECD41A02D82F00AD9663 /* hba1c.png */ = {isa = PBXFileReference; lastKnownFileType = image.png; path = hba1c.png; sourceTree = "<group>"; };
		EF68ECD51A02D82F00AD9663 /* hba1c@2x.png */ = {isa = PBXFileReference; lastKnownFileType = image.png; path = "hba1c@2x.png"; sourceTree = "<group>"; };
		EF7163B41A04365700CDF001 /* ExportViewController.h */ = {isa = PBXFileReference; fileEncoding = 4; lastKnownFileType = sourcecode.c.h; path = ExportViewController.h; sourceTree = "<group>"; };
		EF7163B51A04365700CDF001 /* ExportViewController.m */ = {isa = PBXFileReference; fileEncoding = 4; lastKnownFileType = sourcecode.c.objc; path = ExportViewController.m; sourceTree = "<group>"; };
		EF7163B71A04382300CDF001 /* MessageUI.framework */ = {isa = PBXFileReference; lastKnownFileType = wrapper.framework; name = MessageUI.framework; path = System/Library/Frameworks/MessageUI.framework; sourceTree = SDKROOT; };
		EF7EB2041A254B0E001F1302 /* QuartzCore.framework */ = {isa = PBXFileReference; lastKnownFileType = wrapper.framework; name = QuartzCore.framework; path = System/Library/Frameworks/QuartzCore.framework; sourceTree = SDKROOT; };
		EF7EB2061A254B15001F1302 /* ImageIO.framework */ = {isa = PBXFileReference; lastKnownFileType = wrapper.framework; name = ImageIO.framework; path = System/Library/Frameworks/ImageIO.framework; sourceTree = SDKROOT; };
		EF7EB20A1A254B9C001F1302 /* ReaderAppDelegate.h */ = {isa = PBXFileReference; fileEncoding = 4; lastKnownFileType = sourcecode.c.h; path = ReaderAppDelegate.h; sourceTree = "<group>"; };
		EF7EB20B1A254B9C001F1302 /* ReaderAppDelegate.m */ = {isa = PBXFileReference; fileEncoding = 4; lastKnownFileType = sourcecode.c.objc; path = ReaderAppDelegate.m; sourceTree = "<group>"; };
		EF7EB20C1A254B9C001F1302 /* ReaderBookDelegate.h */ = {isa = PBXFileReference; fileEncoding = 4; lastKnownFileType = sourcecode.c.h; path = ReaderBookDelegate.h; sourceTree = "<group>"; };
		EF7EB20D1A254B9C001F1302 /* ReaderBookDelegate.m */ = {isa = PBXFileReference; fileEncoding = 4; lastKnownFileType = sourcecode.c.objc; path = ReaderBookDelegate.m; sourceTree = "<group>"; };
		EF7EB20E1A254B9C001F1302 /* ReaderDemoController.h */ = {isa = PBXFileReference; fileEncoding = 4; lastKnownFileType = sourcecode.c.h; path = ReaderDemoController.h; sourceTree = "<group>"; };
		EF7EB20F1A254B9C001F1302 /* ReaderDemoController.m */ = {isa = PBXFileReference; fileEncoding = 4; lastKnownFileType = sourcecode.c.objc; path = ReaderDemoController.m; sourceTree = "<group>"; };
		EF7EB2111A254B9C001F1302 /* AppIcon-057.png */ = {isa = PBXFileReference; lastKnownFileType = image.png; path = "AppIcon-057.png"; sourceTree = "<group>"; };
		EF7EB2121A254B9C001F1302 /* AppIcon-072.png */ = {isa = PBXFileReference; lastKnownFileType = image.png; path = "AppIcon-072.png"; sourceTree = "<group>"; };
		EF7EB2131A254B9C001F1302 /* AppIcon-076.png */ = {isa = PBXFileReference; lastKnownFileType = image.png; path = "AppIcon-076.png"; sourceTree = "<group>"; };
		EF7EB2141A254B9C001F1302 /* AppIcon-114.png */ = {isa = PBXFileReference; lastKnownFileType = image.png; path = "AppIcon-114.png"; sourceTree = "<group>"; };
		EF7EB2151A254B9C001F1302 /* AppIcon-120.png */ = {isa = PBXFileReference; lastKnownFileType = image.png; path = "AppIcon-120.png"; sourceTree = "<group>"; };
		EF7EB2161A254B9C001F1302 /* AppIcon-144.png */ = {isa = PBXFileReference; lastKnownFileType = image.png; path = "AppIcon-144.png"; sourceTree = "<group>"; };
		EF7EB2171A254B9C001F1302 /* AppIcon-152.png */ = {isa = PBXFileReference; lastKnownFileType = image.png; path = "AppIcon-152.png"; sourceTree = "<group>"; };
		EF7EB2181A254B9C001F1302 /* AppIcon-180.png */ = {isa = PBXFileReference; lastKnownFileType = image.png; path = "AppIcon-180.png"; sourceTree = "<group>"; };
		EF7EB2191A254B9C001F1302 /* Default-568h@2x.png */ = {isa = PBXFileReference; lastKnownFileType = image.png; path = "Default-568h@2x.png"; sourceTree = "<group>"; };
		EF7EB21A1A254B9C001F1302 /* Reader-Button-H.png */ = {isa = PBXFileReference; lastKnownFileType = image.png; path = "Reader-Button-H.png"; sourceTree = "<group>"; };
		EF7EB21B1A254B9C001F1302 /* Reader-Button-H@2x.png */ = {isa = PBXFileReference; lastKnownFileType = image.png; path = "Reader-Button-H@2x.png"; sourceTree = "<group>"; };
		EF7EB21C1A254B9C001F1302 /* Reader-Button-N.png */ = {isa = PBXFileReference; lastKnownFileType = image.png; path = "Reader-Button-N.png"; sourceTree = "<group>"; };
		EF7EB21D1A254B9C001F1302 /* Reader-Button-N@2x.png */ = {isa = PBXFileReference; lastKnownFileType = image.png; path = "Reader-Button-N@2x.png"; sourceTree = "<group>"; };
		EF7EB21E1A254B9C001F1302 /* Reader-Email.png */ = {isa = PBXFileReference; lastKnownFileType = image.png; path = "Reader-Email.png"; sourceTree = "<group>"; };
		EF7EB21F1A254B9C001F1302 /* Reader-Email@2x.png */ = {isa = PBXFileReference; lastKnownFileType = image.png; path = "Reader-Email@2x.png"; sourceTree = "<group>"; };
		EF7EB2201A254B9C001F1302 /* Reader-Export.png */ = {isa = PBXFileReference; lastKnownFileType = image.png; path = "Reader-Export.png"; sourceTree = "<group>"; };
		EF7EB2211A254B9C001F1302 /* Reader-Export@2x.png */ = {isa = PBXFileReference; lastKnownFileType = image.png; path = "Reader-Export@2x.png"; sourceTree = "<group>"; };
		EF7EB2221A254B9C001F1302 /* Reader-Mark-N.png */ = {isa = PBXFileReference; lastKnownFileType = image.png; path = "Reader-Mark-N.png"; sourceTree = "<group>"; };
		EF7EB2231A254B9C001F1302 /* Reader-Mark-N@2x.png */ = {isa = PBXFileReference; lastKnownFileType = image.png; path = "Reader-Mark-N@2x.png"; sourceTree = "<group>"; };
		EF7EB2241A254B9C001F1302 /* Reader-Mark-Y.png */ = {isa = PBXFileReference; lastKnownFileType = image.png; path = "Reader-Mark-Y.png"; sourceTree = "<group>"; };
		EF7EB2251A254B9C001F1302 /* Reader-Mark-Y@2x.png */ = {isa = PBXFileReference; lastKnownFileType = image.png; path = "Reader-Mark-Y@2x.png"; sourceTree = "<group>"; };
		EF7EB2261A254B9C001F1302 /* Reader-Print.png */ = {isa = PBXFileReference; lastKnownFileType = image.png; path = "Reader-Print.png"; sourceTree = "<group>"; };
		EF7EB2271A254B9C001F1302 /* Reader-Print@2x.png */ = {isa = PBXFileReference; lastKnownFileType = image.png; path = "Reader-Print@2x.png"; sourceTree = "<group>"; };
		EF7EB2281A254B9C001F1302 /* Reader-Thumbs.png */ = {isa = PBXFileReference; lastKnownFileType = image.png; path = "Reader-Thumbs.png"; sourceTree = "<group>"; };
		EF7EB2291A254B9C001F1302 /* Reader-Thumbs@2x.png */ = {isa = PBXFileReference; lastKnownFileType = image.png; path = "Reader-Thumbs@2x.png"; sourceTree = "<group>"; };
		EF7EB22B1A254B9C001F1302 /* CGPDFDocument.h */ = {isa = PBXFileReference; fileEncoding = 4; lastKnownFileType = sourcecode.c.h; path = CGPDFDocument.h; sourceTree = "<group>"; };
		EF7EB22C1A254B9C001F1302 /* CGPDFDocument.m */ = {isa = PBXFileReference; fileEncoding = 4; lastKnownFileType = sourcecode.c.objc; path = CGPDFDocument.m; sourceTree = "<group>"; };
		EF7EB22D1A254B9C001F1302 /* ReaderConstants.h */ = {isa = PBXFileReference; fileEncoding = 4; lastKnownFileType = sourcecode.c.h; path = ReaderConstants.h; sourceTree = "<group>"; };
		EF7EB22E1A254B9C001F1302 /* ReaderConstants.m */ = {isa = PBXFileReference; fileEncoding = 4; lastKnownFileType = sourcecode.c.objc; path = ReaderConstants.m; sourceTree = "<group>"; };
		EF7EB22F1A254B9C001F1302 /* ReaderContentPage.h */ = {isa = PBXFileReference; fileEncoding = 4; lastKnownFileType = sourcecode.c.h; path = ReaderContentPage.h; sourceTree = "<group>"; };
		EF7EB2301A254B9C001F1302 /* ReaderContentPage.m */ = {isa = PBXFileReference; fileEncoding = 4; lastKnownFileType = sourcecode.c.objc; path = ReaderContentPage.m; sourceTree = "<group>"; };
		EF7EB2311A254B9C001F1302 /* ReaderContentTile.h */ = {isa = PBXFileReference; fileEncoding = 4; lastKnownFileType = sourcecode.c.h; path = ReaderContentTile.h; sourceTree = "<group>"; };
		EF7EB2321A254B9C001F1302 /* ReaderContentTile.m */ = {isa = PBXFileReference; fileEncoding = 4; lastKnownFileType = sourcecode.c.objc; path = ReaderContentTile.m; sourceTree = "<group>"; };
		EF7EB2331A254B9C001F1302 /* ReaderContentView.h */ = {isa = PBXFileReference; fileEncoding = 4; lastKnownFileType = sourcecode.c.h; path = ReaderContentView.h; sourceTree = "<group>"; };
		EF7EB2341A254B9C001F1302 /* ReaderContentView.m */ = {isa = PBXFileReference; fileEncoding = 4; lastKnownFileType = sourcecode.c.objc; path = ReaderContentView.m; sourceTree = "<group>"; };
		EF7EB2351A254B9C001F1302 /* ReaderDocument.h */ = {isa = PBXFileReference; fileEncoding = 4; lastKnownFileType = sourcecode.c.h; path = ReaderDocument.h; sourceTree = "<group>"; };
		EF7EB2361A254B9C001F1302 /* ReaderDocument.m */ = {isa = PBXFileReference; fileEncoding = 4; lastKnownFileType = sourcecode.c.objc; path = ReaderDocument.m; sourceTree = "<group>"; };
		EF7EB2371A254B9C001F1302 /* ReaderDocumentOutline.h */ = {isa = PBXFileReference; fileEncoding = 4; lastKnownFileType = sourcecode.c.h; path = ReaderDocumentOutline.h; sourceTree = "<group>"; };
		EF7EB2381A254B9C001F1302 /* ReaderDocumentOutline.m */ = {isa = PBXFileReference; fileEncoding = 4; lastKnownFileType = sourcecode.c.objc; path = ReaderDocumentOutline.m; sourceTree = "<group>"; };
		EF7EB2391A254B9C001F1302 /* ReaderMainPagebar.h */ = {isa = PBXFileReference; fileEncoding = 4; lastKnownFileType = sourcecode.c.h; path = ReaderMainPagebar.h; sourceTree = "<group>"; };
		EF7EB23A1A254B9C001F1302 /* ReaderMainPagebar.m */ = {isa = PBXFileReference; fileEncoding = 4; lastKnownFileType = sourcecode.c.objc; path = ReaderMainPagebar.m; sourceTree = "<group>"; };
		EF7EB23B1A254B9C001F1302 /* ReaderMainToolbar.h */ = {isa = PBXFileReference; fileEncoding = 4; lastKnownFileType = sourcecode.c.h; path = ReaderMainToolbar.h; sourceTree = "<group>"; };
		EF7EB23C1A254B9C001F1302 /* ReaderMainToolbar.m */ = {isa = PBXFileReference; fileEncoding = 4; lastKnownFileType = sourcecode.c.objc; path = ReaderMainToolbar.m; sourceTree = "<group>"; };
		EF7EB23D1A254B9C001F1302 /* ReaderThumbCache.h */ = {isa = PBXFileReference; fileEncoding = 4; lastKnownFileType = sourcecode.c.h; path = ReaderThumbCache.h; sourceTree = "<group>"; };
		EF7EB23E1A254B9C001F1302 /* ReaderThumbCache.m */ = {isa = PBXFileReference; fileEncoding = 4; lastKnownFileType = sourcecode.c.objc; path = ReaderThumbCache.m; sourceTree = "<group>"; };
		EF7EB23F1A254B9C001F1302 /* ReaderThumbFetch.h */ = {isa = PBXFileReference; fileEncoding = 4; lastKnownFileType = sourcecode.c.h; path = ReaderThumbFetch.h; sourceTree = "<group>"; };
		EF7EB2401A254B9C001F1302 /* ReaderThumbFetch.m */ = {isa = PBXFileReference; fileEncoding = 4; lastKnownFileType = sourcecode.c.objc; path = ReaderThumbFetch.m; sourceTree = "<group>"; };
		EF7EB2411A254B9C001F1302 /* ReaderThumbQueue.h */ = {isa = PBXFileReference; fileEncoding = 4; lastKnownFileType = sourcecode.c.h; path = ReaderThumbQueue.h; sourceTree = "<group>"; };
		EF7EB2421A254B9C001F1302 /* ReaderThumbQueue.m */ = {isa = PBXFileReference; fileEncoding = 4; lastKnownFileType = sourcecode.c.objc; path = ReaderThumbQueue.m; sourceTree = "<group>"; };
		EF7EB2431A254B9C001F1302 /* ReaderThumbRender.h */ = {isa = PBXFileReference; fileEncoding = 4; lastKnownFileType = sourcecode.c.h; path = ReaderThumbRender.h; sourceTree = "<group>"; };
		EF7EB2441A254B9C001F1302 /* ReaderThumbRender.m */ = {isa = PBXFileReference; fileEncoding = 4; lastKnownFileType = sourcecode.c.objc; path = ReaderThumbRender.m; sourceTree = "<group>"; };
		EF7EB2451A254B9C001F1302 /* ReaderThumbRequest.h */ = {isa = PBXFileReference; fileEncoding = 4; lastKnownFileType = sourcecode.c.h; path = ReaderThumbRequest.h; sourceTree = "<group>"; };
		EF7EB2461A254B9C001F1302 /* ReaderThumbRequest.m */ = {isa = PBXFileReference; fileEncoding = 4; lastKnownFileType = sourcecode.c.objc; path = ReaderThumbRequest.m; sourceTree = "<group>"; };
		EF7EB2471A254B9C001F1302 /* ReaderThumbsView.h */ = {isa = PBXFileReference; fileEncoding = 4; lastKnownFileType = sourcecode.c.h; path = ReaderThumbsView.h; sourceTree = "<group>"; };
		EF7EB2481A254B9C001F1302 /* ReaderThumbsView.m */ = {isa = PBXFileReference; fileEncoding = 4; lastKnownFileType = sourcecode.c.objc; path = ReaderThumbsView.m; sourceTree = "<group>"; };
		EF7EB2491A254B9C001F1302 /* ReaderThumbView.h */ = {isa = PBXFileReference; fileEncoding = 4; lastKnownFileType = sourcecode.c.h; path = ReaderThumbView.h; sourceTree = "<group>"; };
		EF7EB24A1A254B9C001F1302 /* ReaderThumbView.m */ = {isa = PBXFileReference; fileEncoding = 4; lastKnownFileType = sourcecode.c.objc; path = ReaderThumbView.m; sourceTree = "<group>"; };
		EF7EB24B1A254B9C001F1302 /* ReaderViewController.h */ = {isa = PBXFileReference; fileEncoding = 4; lastKnownFileType = sourcecode.c.h; path = ReaderViewController.h; sourceTree = "<group>"; };
		EF7EB24C1A254B9C001F1302 /* ReaderViewController.m */ = {isa = PBXFileReference; fileEncoding = 4; lastKnownFileType = sourcecode.c.objc; path = ReaderViewController.m; sourceTree = "<group>"; };
		EF7EB24D1A254B9C001F1302 /* ThumbsMainToolbar.h */ = {isa = PBXFileReference; fileEncoding = 4; lastKnownFileType = sourcecode.c.h; path = ThumbsMainToolbar.h; sourceTree = "<group>"; };
		EF7EB24E1A254B9C001F1302 /* ThumbsMainToolbar.m */ = {isa = PBXFileReference; fileEncoding = 4; lastKnownFileType = sourcecode.c.objc; path = ThumbsMainToolbar.m; sourceTree = "<group>"; };
		EF7EB24F1A254B9C001F1302 /* ThumbsViewController.h */ = {isa = PBXFileReference; fileEncoding = 4; lastKnownFileType = sourcecode.c.h; path = ThumbsViewController.h; sourceTree = "<group>"; };
		EF7EB2501A254B9C001F1302 /* ThumbsViewController.m */ = {isa = PBXFileReference; fileEncoding = 4; lastKnownFileType = sourcecode.c.objc; path = ThumbsViewController.m; sourceTree = "<group>"; };
		EF7EB2511A254B9C001F1302 /* UIXToolbarView.h */ = {isa = PBXFileReference; fileEncoding = 4; lastKnownFileType = sourcecode.c.h; path = UIXToolbarView.h; sourceTree = "<group>"; };
		EF7EB2521A254B9C001F1302 /* UIXToolbarView.m */ = {isa = PBXFileReference; fileEncoding = 4; lastKnownFileType = sourcecode.c.objc; path = UIXToolbarView.m; sourceTree = "<group>"; };
		EF867F161A24C4DE00D3D1EA /* pulsimage.png */ = {isa = PBXFileReference; lastKnownFileType = image.png; path = pulsimage.png; sourceTree = "<group>"; };
		EF867F181A24C58500D3D1EA /* pulsimage2.jpg */ = {isa = PBXFileReference; lastKnownFileType = image.jpeg; path = pulsimage2.jpg; sourceTree = "<group>"; };
		EF867F1A1A24C70C00D3D1EA /* blutdruckmesser-2.jpg */ = {isa = PBXFileReference; lastKnownFileType = image.jpeg; path = "blutdruckmesser-2.jpg"; sourceTree = "<group>"; };
		EF869B6E1A18CBCC00D9F02A /* DetailMaterialViewController.h */ = {isa = PBXFileReference; fileEncoding = 4; lastKnownFileType = sourcecode.c.h; path = DetailMaterialViewController.h; sourceTree = "<group>"; };
		EF869B6F1A18CBCC00D9F02A /* DetailMaterialViewController.m */ = {isa = PBXFileReference; fileEncoding = 4; lastKnownFileType = sourcecode.c.objc; path = DetailMaterialViewController.m; sourceTree = "<group>"; };
		EF869B711A18CD9900D9F02A /* thumblantus-1.jpg */ = {isa = PBXFileReference; lastKnownFileType = image.jpeg; path = "thumblantus-1.jpg"; sourceTree = "<group>"; };
		EF92FFD21A02E541000AAE45 /* HighLowCell.xib */ = {isa = PBXFileReference; fileEncoding = 4; lastKnownFileType = file.xib; path = HighLowCell.xib; sourceTree = "<group>"; };
		EF92FFD41A02E763000AAE45 /* HighLowCell.h */ = {isa = PBXFileReference; fileEncoding = 4; lastKnownFileType = sourcecode.c.h; path = HighLowCell.h; sourceTree = "<group>"; };
		EF92FFD51A02E763000AAE45 /* HighLowCell.m */ = {isa = PBXFileReference; fileEncoding = 4; lastKnownFileType = sourcecode.c.objc; path = HighLowCell.m; sourceTree = "<group>"; };
		EF92FFD91A02EF0F000AAE45 /* MeasureCell.h */ = {isa = PBXFileReference; fileEncoding = 4; lastKnownFileType = sourcecode.c.h; path = MeasureCell.h; sourceTree = "<group>"; };
		EF92FFDA1A02EF0F000AAE45 /* MeasureCell.m */ = {isa = PBXFileReference; fileEncoding = 4; lastKnownFileType = sourcecode.c.objc; path = MeasureCell.m; sourceTree = "<group>"; };
		EF92FFDE1A02F5CB000AAE45 /* UserCell.xib */ = {isa = PBXFileReference; fileEncoding = 4; lastKnownFileType = file.xib; path = UserCell.xib; sourceTree = "<group>"; };
		EF92FFE01A02F6A0000AAE45 /* user-icon.png */ = {isa = PBXFileReference; lastKnownFileType = image.png; path = "user-icon.png"; sourceTree = "<group>"; };
		EF92FFE21A02F764000AAE45 /* UserCell.h */ = {isa = PBXFileReference; fileEncoding = 4; lastKnownFileType = sourcecode.c.h; path = UserCell.h; sourceTree = "<group>"; };
		EF92FFE31A02F764000AAE45 /* UserCell.m */ = {isa = PBXFileReference; fileEncoding = 4; lastKnownFileType = sourcecode.c.objc; path = UserCell.m; sourceTree = "<group>"; };
		EFB325C71A24E9280043C718 /* hba1cimage.png */ = {isa = PBXFileReference; lastKnownFileType = image.png; path = hba1cimage.png; sourceTree = "<group>"; };
		EFBF64F61A0A312A00D31A8B /* GraphView.h */ = {isa = PBXFileReference; fileEncoding = 4; lastKnownFileType = sourcecode.c.h; path = GraphView.h; sourceTree = "<group>"; };
		EFBF64F71A0A312A00D31A8B /* GraphView.m */ = {isa = PBXFileReference; fileEncoding = 4; lastKnownFileType = sourcecode.c.objc; path = GraphView.m; sourceTree = "<group>"; };
		EFD35D0A1A1607DF009A02AC /* HbA1c.h */ = {isa = PBXFileReference; fileEncoding = 4; lastKnownFileType = sourcecode.c.h; path = HbA1c.h; sourceTree = "<group>"; };
		EFD35D0B1A1607DF009A02AC /* HbA1c.m */ = {isa = PBXFileReference; fileEncoding = 4; lastKnownFileType = sourcecode.c.objc; path = HbA1c.m; sourceTree = "<group>"; };
		EFD35D0D1A160A52009A02AC /* AddHbA1cViewController.h */ = {isa = PBXFileReference; fileEncoding = 4; lastKnownFileType = sourcecode.c.h; path = AddHbA1cViewController.h; sourceTree = "<group>"; };
		EFD35D0E1A160A52009A02AC /* AddHbA1cViewController.m */ = {isa = PBXFileReference; fileEncoding = 4; lastKnownFileType = sourcecode.c.objc; path = AddHbA1cViewController.m; sourceTree = "<group>"; };
		EFD35D101A160FED009A02AC /* AmpelView.h */ = {isa = PBXFileReference; fileEncoding = 4; lastKnownFileType = sourcecode.c.h; path = AmpelView.h; sourceTree = "<group>"; };
		EFD35D111A160FED009A02AC /* AmpelView.m */ = {isa = PBXFileReference; fileEncoding = 4; lastKnownFileType = sourcecode.c.objc; path = AmpelView.m; sourceTree = "<group>"; };
		EFE720441A18DD2B00F7E637 /* AddMaterialViewController.h */ = {isa = PBXFileReference; fileEncoding = 4; lastKnownFileType = sourcecode.c.h; path = AddMaterialViewController.h; sourceTree = "<group>"; };
		EFE720451A18DD2B00F7E637 /* AddMaterialViewController.m */ = {isa = PBXFileReference; fileEncoding = 4; lastKnownFileType = sourcecode.c.objc; path = AddMaterialViewController.m; sourceTree = "<group>"; };
		EFEADD2B1A037B1F001332C7 /* MeasureCell.xib */ = {isa = PBXFileReference; fileEncoding = 4; lastKnownFileType = file.xib; path = MeasureCell.xib; sourceTree = "<group>"; };
		EFEB47ED1A27514900284B64 /* Barcode.h */ = {isa = PBXFileReference; fileEncoding = 4; lastKnownFileType = sourcecode.c.h; path = Barcode.h; sourceTree = "<group>"; };
		EFEB47EE1A27514900284B64 /* Barcode.m */ = {isa = PBXFileReference; fileEncoding = 4; lastKnownFileType = sourcecode.c.objc; path = Barcode.m; sourceTree = "<group>"; };
		EFEB47F01A2751CE00284B64 /* ScannerViewController.h */ = {isa = PBXFileReference; fileEncoding = 4; lastKnownFileType = sourcecode.c.h; path = ScannerViewController.h; sourceTree = "<group>"; };
		EFEB47F11A2751CE00284B64 /* ScannerViewController.m */ = {isa = PBXFileReference; fileEncoding = 4; lastKnownFileType = sourcecode.c.objc; path = ScannerViewController.m; sourceTree = "<group>"; };
		EFEB47F51A276F8700284B64 /* blutzucker.png */ = {isa = PBXFileReference; lastKnownFileType = image.png; path = blutzucker.png; sourceTree = "<group>"; };
		EFF89A671A06415700398332 /* sugarmeDB.xcdatamodel */ = {isa = PBXFileReference; lastKnownFileType = wrapper.xcdatamodel; path = sugarmeDB.xcdatamodel; sourceTree = "<group>"; };
		EFF89A6A1A06428B00398332 /* Blutzucker.h */ = {isa = PBXFileReference; fileEncoding = 4; lastKnownFileType = sourcecode.c.h; path = Blutzucker.h; sourceTree = "<group>"; };
		EFF89A6B1A06428B00398332 /* Blutzucker.m */ = {isa = PBXFileReference; fileEncoding = 4; lastKnownFileType = sourcecode.c.objc; path = Blutzucker.m; sourceTree = "<group>"; };
		EFF89A6D1A0642C700398332 /* CoreData.framework */ = {isa = PBXFileReference; lastKnownFileType = wrapper.framework; name = CoreData.framework; path = System/Library/Frameworks/CoreData.framework; sourceTree = SDKROOT; };
		EFF89AA41A0690D300398332 /* Blutdruck.h */ = {isa = PBXFileReference; fileEncoding = 4; lastKnownFileType = sourcecode.c.h; path = Blutdruck.h; sourceTree = "<group>"; };
		EFF89AA51A0690D300398332 /* Blutdruck.m */ = {isa = PBXFileReference; fileEncoding = 4; lastKnownFileType = sourcecode.c.objc; path = Blutdruck.m; sourceTree = "<group>"; };
		EFF89AA71A0690DF00398332 /* Puls.h */ = {isa = PBXFileReference; fileEncoding = 4; lastKnownFileType = sourcecode.c.h; path = Puls.h; sourceTree = "<group>"; };
		EFF89AA81A0690DF00398332 /* Puls.m */ = {isa = PBXFileReference; fileEncoding = 4; lastKnownFileType = sourcecode.c.objc; path = Puls.m; sourceTree = "<group>"; };
		EFFFA2011A14B315003D55D7 /* bfh-logo.png */ = {isa = PBXFileReference; lastKnownFileType = image.png; path = "bfh-logo.png"; sourceTree = "<group>"; };
		EFFFA2051A14B782003D55D7 /* sugarMElogo.png */ = {isa = PBXFileReference; lastKnownFileType = image.png; path = sugarMElogo.png; sourceTree = "<group>"; };
		EFFFA2071A14BAE7003D55D7 /* thumbnovo2.jpg */ = {isa = PBXFileReference; lastKnownFileType = image.jpeg; path = thumbnovo2.jpg; sourceTree = "<group>"; };
		EFFFA2081A14BAE7003D55D7 /* thumblantus.jpg */ = {isa = PBXFileReference; lastKnownFileType = image.jpeg; path = thumblantus.jpg; sourceTree = "<group>"; };
		EFFFA20C1A14BAEB003D55D7 /* barcode.png */ = {isa = PBXFileReference; lastKnownFileType = image.png; path = barcode.png; sourceTree = "<group>"; };
		EFFFA20F1A14BAEF003D55D7 /* thumbsoftzellin.jpg */ = {isa = PBXFileReference; lastKnownFileType = image.jpeg; path = thumbsoftzellin.jpg; sourceTree = "<group>"; };
		EFFFA2111A14BC60003D55D7 /* thumbnovofine.jpg */ = {isa = PBXFileReference; lastKnownFileType = image.jpeg; path = thumbnovofine.jpg; sourceTree = "<group>"; };
		EFFFA2131A14BD85003D55D7 /* thumbaccucheck.jpg */ = {isa = PBXFileReference; lastKnownFileType = image.jpeg; path = thumbaccucheck.jpg; sourceTree = "<group>"; };
		EFFFA2151A14C4A0003D55D7 /* Material.h */ = {isa = PBXFileReference; fileEncoding = 4; lastKnownFileType = sourcecode.c.h; path = Material.h; sourceTree = "<group>"; };
		EFFFA2161A14C4A0003D55D7 /* Material.m */ = {isa = PBXFileReference; fileEncoding = 4; lastKnownFileType = sourcecode.c.objc; path = Material.m; sourceTree = "<group>"; };
/* End PBXFileReference section */

/* Begin PBXFrameworksBuildPhase section */
		EF68EC881A02CB8600AD9663 /* Frameworks */ = {
			isa = PBXFrameworksBuildPhase;
			buildActionMask = 2147483647;
			files = (
				EF7163B81A04382300CDF001 /* MessageUI.framework in Frameworks */,
				EF7EB2071A254B15001F1302 /* ImageIO.framework in Frameworks */,
				EF7EB2051A254B0E001F1302 /* QuartzCore.framework in Frameworks */,
				EFF89A6E1A0642C700398332 /* CoreData.framework in Frameworks */,
			);
			runOnlyForDeploymentPostprocessing = 0;
		};
		EF68ECA41A02CB8600AD9663 /* Frameworks */ = {
			isa = PBXFrameworksBuildPhase;
			buildActionMask = 2147483647;
			files = (
			);
			runOnlyForDeploymentPostprocessing = 0;
		};
/* End PBXFrameworksBuildPhase section */

/* Begin PBXGroup section */
		EF0BFB591A27DE0100F0F8AE /* WebService */ = {
			isa = PBXGroup;
			children = (
				EF0BFB5A1A27DE1500F0F8AE /* DDXMLElementAdditions.h */,
				EF0BFB5D1A27DE1F00F0F8AE /* NSString+DDXML.h */,
				EF0BFB601A27DE2700F0F8AE /* DDXML.h */,
				EF0BFB611A27DE2700F0F8AE /* DDXMLDocument.h */,
				EF0BFB621A27DE2700F0F8AE /* DDXMLDocument.m */,
				EF0BFB6B1A27DE4B00F0F8AE /* TIFHelper.h */,
				EF0BFB6C1A27DE4B00F0F8AE /* TIFHelper.m */,
				EF0BFB6D1A27DE4B00F0F8AE /* TIFPHARMA_ITEM_COMP.h */,
				EF0BFB6E1A27DE4B00F0F8AE /* TIFPHARMA_ITEM_COMP.m */,
				EF0BFB6F1A27DE4B00F0F8AE /* TIFPHARMA_ITEM_STATUS.h */,
				EF0BFB701A27DE4B00F0F8AE /* TIFPHARMA_ITEM_STATUS.m */,
				EF0BFB711A27DE4B00F0F8AE /* TIFPHARMA_ITEM.h */,
				EF0BFB721A27DE4B00F0F8AE /* TIFPHARMA_ITEM.m */,
				EF0BFB731A27DE4B00F0F8AE /* TIFPHARMA_RESULT_OK_ERROR.h */,
				EF0BFB741A27DE4B00F0F8AE /* TIFPHARMA_RESULT_OK_ERROR.m */,
				EF0BFB751A27DE4B00F0F8AE /* TIFPHARMA_RESULT.h */,
				EF0BFB761A27DE4B00F0F8AE /* TIFPHARMA_RESULT.m */,
				EF0BFB771A27DE4B00F0F8AE /* TIFPHARMA.h */,
				EF0BFB781A27DE4B00F0F8AE /* TIFPHARMA.m */,
				EF0BFB791A27DE4B00F0F8AE /* TIFRequestResultHandler.h */,
				EF0BFB7A1A27DE4B00F0F8AE /* TIFRequestResultHandler.m */,
				EF0BFB7B1A27DE4B00F0F8AE /* TIFSoapError.h */,
				EF0BFB7C1A27DE4B00F0F8AE /* TIFSoapError.m */,
				EF0BFB7D1A27DE4B00F0F8AE /* TIFws_Pharma_V101Soap.h */,
				EF0BFB7E1A27DE4B00F0F8AE /* TIFws_Pharma_V101Soap.m */,
				EF0BFB7F1A27DE4B00F0F8AE /* TIFws_Pharma_V101Soap12.h */,
				EF0BFB801A27DE4B00F0F8AE /* TIFws_Pharma_V101Soap12.m */,
				EF0BFB631A27DE2700F0F8AE /* DDXMLElement.h */,
				EF0BFB6A1A27DE3700F0F8AE /* DDXMLPrivate.h */,
				EF0BFB641A27DE2700F0F8AE /* DDXMLElement.m */,
				EF0BFB651A27DE2700F0F8AE /* DDXMLNode.h */,
				EF0BFB661A27DE2700F0F8AE /* DDXMLNode.m */,
				EF0BFB5E1A27DE1F00F0F8AE /* NSString+DDXML.m */,
				EF0BFB5B1A27DE1500F0F8AE /* DDXMLElementAdditions.m */,
			);
			name = WebService;
			sourceTree = "<group>";
		};
		EF1915B81A03FE4800605B73 /* Werte */ = {
			isa = PBXGroup;
			children = (
				EF68EC981A02CB8600AD9663 /* SecondViewController.h */,
				EF68EC991A02CB8600AD9663 /* SecondViewController.m */,
				EF1915C41A04052D00605B73 /* EmptyCell.xib */,
				EF1915BC1A04004400605B73 /* ValueCell.xib */,
				EF1915C11A04008A00605B73 /* ValueCell.h */,
				EF1915C21A04008A00605B73 /* ValueCell.m */,
				EF1915C61A04056B00605B73 /* EmptyCell.h */,
				EF1915C71A04056B00605B73 /* EmptyCell.m */,
				EFBF64F61A0A312A00D31A8B /* GraphView.h */,
				EFBF64F71A0A312A00D31A8B /* GraphView.m */,
			);
			name = Werte;
			sourceTree = "<group>";
		};
		EF1915B91A03FE5400605B73 /* HbA1c */ = {
			isa = PBXGroup;
			children = (
				EF68ECB71A02CF1500AD9663 /* ThirdViewController.h */,
				EF68ECB81A02CF1500AD9663 /* ThirdViewController.m */,
				EFD35D0D1A160A52009A02AC /* AddHbA1cViewController.h */,
				EFD35D0E1A160A52009A02AC /* AddHbA1cViewController.m */,
				EFD35D101A160FED009A02AC /* AmpelView.h */,
				EFD35D111A160FED009A02AC /* AmpelView.m */,
			);
			name = HbA1c;
			sourceTree = "<group>";
		};
		EF1915BA1A03FE6500605B73 /* Material */ = {
			isa = PBXGroup;
			children = (
				EF68ECBA1A02CF2B00AD9663 /* FourthViewController.h */,
				EF68ECBB1A02CF2B00AD9663 /* FourthViewController.m */,
				EF869B6E1A18CBCC00D9F02A /* DetailMaterialViewController.h */,
				EF869B6F1A18CBCC00D9F02A /* DetailMaterialViewController.m */,
				EFE720441A18DD2B00F7E637 /* AddMaterialViewController.h */,
				EFE720451A18DD2B00F7E637 /* AddMaterialViewController.m */,
				EFEB47ED1A27514900284B64 /* Barcode.h */,
				EFEB47EE1A27514900284B64 /* Barcode.m */,
				EFEB47F01A2751CE00284B64 /* ScannerViewController.h */,
				EFEB47F11A2751CE00284B64 /* ScannerViewController.m */,
			);
			name = Material;
			sourceTree = "<group>";
		};
		EF1915BB1A03FE6B00605B73 /* Einstellungen */ = {
			isa = PBXGroup;
			children = (
				EF68ECC01A02D2EC00AD9663 /* FifthViewController.h */,
				EF68ECC11A02D2EC00AD9663 /* FifthViewController.m */,
				EF2858F01A29CF1100070BAC /* ProfileViewController.h */,
				EF2858F11A29CF1100070BAC /* ProfileViewController.m */,
				EF2858F21A29CF1100070BAC /* EinheitenViewController.h */,
				EF2858F31A29CF1100070BAC /* EinheitenViewController.m */,
				EF2858F41A29CF1100070BAC /* WerteViewController.h */,
				EF2858F51A29CF1100070BAC /* WerteViewController.m */,
				EF2858F61A29CF1100070BAC /* HbA1cViewController.h */,
				EF2858F71A29CF1100070BAC /* HbA1cViewController.m */,
				EF2858F81A29CF1100070BAC /* MaterialViewController.h */,
				EF2858F91A29CF1100070BAC /* MaterialViewController.m */,
			);
			name = Einstellungen;
			sourceTree = "<group>";
		};
		EF68EC821A02CB8600AD9663 = {
			isa = PBXGroup;
			children = (
				EF7EB2061A254B15001F1302 /* ImageIO.framework */,
				EF7EB2041A254B0E001F1302 /* QuartzCore.framework */,
				EFF89A6D1A0642C700398332 /* CoreData.framework */,
				EF7163B71A04382300CDF001 /* MessageUI.framework */,
				EF68ECC31A02D44C00AD9663 /* Bilder */,
				EF68EC8D1A02CB8600AD9663 /* sugarME */,
				EF68ECAA1A02CB8600AD9663 /* sugarMETests */,
				EF68EC8C1A02CB8600AD9663 /* Products */,
			);
			sourceTree = "<group>";
		};
		EF68EC8C1A02CB8600AD9663 /* Products */ = {
			isa = PBXGroup;
			children = (
				EF68EC8B1A02CB8600AD9663 /* sugarME.app */,
				EF68ECA71A02CB8600AD9663 /* sugarMETests.xctest */,
			);
			name = Products;
			sourceTree = "<group>";
		};
		EF68EC8D1A02CB8600AD9663 /* sugarME */ = {
			isa = PBXGroup;
			children = (
				EF0BFB591A27DE0100F0F8AE /* WebService */,
				EF7EB2081A254B55001F1302 /* PDFReader */,
				EFF89A691A06425A00398332 /* ManagedObjects */,
				EF1915BB1A03FE6B00605B73 /* Einstellungen */,
				EF1915BA1A03FE6500605B73 /* Material */,
				EF1915B91A03FE5400605B73 /* HbA1c */,
				EF1915B81A03FE4800605B73 /* Werte */,
				EF92FFD11A02E506000AAE45 /* Uebersicht */,
				EF68ECBD1A02D15900AD9663 /* TabBarController.h */,
				EF68ECBE1A02D15900AD9663 /* TabBarController.m */,
				EF68EC921A02CB8600AD9663 /* AppDelegate.h */,
				EF68EC931A02CB8600AD9663 /* AppDelegate.m */,
				EF68EC9B1A02CB8600AD9663 /* Main.storyboard */,
				EF68EC9E1A02CB8600AD9663 /* Images.xcassets */,
				EF68ECA01A02CB8600AD9663 /* LaunchScreen.xib */,
				EF68EC8E1A02CB8600AD9663 /* Supporting Files */,
			);
			path = sugarME;
			sourceTree = "<group>";
		};
		EF68EC8E1A02CB8600AD9663 /* Supporting Files */ = {
			isa = PBXGroup;
			children = (
				EF68EC8F1A02CB8600AD9663 /* Info.plist */,
				EFF89A661A06415700398332 /* sugarmeDB.xcdatamodeld */,
				EF68EC901A02CB8600AD9663 /* main.m */,
			);
			name = "Supporting Files";
			sourceTree = "<group>";
		};
		EF68ECAA1A02CB8600AD9663 /* sugarMETests */ = {
			isa = PBXGroup;
			children = (
				EF68ECAD1A02CB8600AD9663 /* sugarMETests.m */,
				EF68ECAB1A02CB8600AD9663 /* Supporting Files */,
			);
			path = sugarMETests;
			sourceTree = "<group>";
		};
		EF68ECAB1A02CB8600AD9663 /* Supporting Files */ = {
			isa = PBXGroup;
			children = (
				EF68ECAC1A02CB8600AD9663 /* Info.plist */,
			);
			name = "Supporting Files";
			sourceTree = "<group>";
		};
		EF68ECC31A02D44C00AD9663 /* Bilder */ = {
			isa = PBXGroup;
			children = (
				EF92FFE01A02F6A0000AAE45 /* user-icon.png */,
				EFFFA2011A14B315003D55D7 /* bfh-logo.png */,
				EF867F1A1A24C70C00D3D1EA /* blutdruckmesser-2.jpg */,
				EF68ECD01A02D78A00AD9663 /* tools@2x.png */,
				EF68ECD11A02D78A00AD9663 /* tools.png */,
				EF867F181A24C58500D3D1EA /* pulsimage2.jpg */,
				EF68ECC41A02D46400AD9663 /* home@2x.png */,
				EFFFA2051A14B782003D55D7 /* sugarMElogo.png */,
				EFFFA20C1A14BAEB003D55D7 /* barcode.png */,
				EF869B711A18CD9900D9F02A /* thumblantus-1.jpg */,
				EFEB47F51A276F8700284B64 /* blutzucker.png */,
				EFFFA2071A14BAE7003D55D7 /* thumbnovo2.jpg */,
				EFB325C71A24E9280043C718 /* hba1cimage.png */,
				EFFFA20F1A14BAEF003D55D7 /* thumbsoftzellin.jpg */,
				EF867F161A24C4DE00D3D1EA /* pulsimage.png */,
				EFFFA2131A14BD85003D55D7 /* thumbaccucheck.jpg */,
				EFFFA2081A14BAE7003D55D7 /* thumblantus.jpg */,
				EF68ECD41A02D82F00AD9663 /* hba1c.png */,
				EF68ECD51A02D82F00AD9663 /* hba1c@2x.png */,
				EF68ECC51A02D46400AD9663 /* home.png */,
				EFFFA2111A14BC60003D55D7 /* thumbnovofine.jpg */,
				EF68ECCC1A02D68200AD9663 /* settings.png */,
				EF68ECCD1A02D68200AD9663 /* settings@2x.png */,
				EF68ECC81A02D5C300AD9663 /* werte.png */,
				EF68ECC91A02D5C300AD9663 /* werte@2x.png */,
			);
			name = Bilder;
			sourceTree = "<group>";
		};
		EF7EB2081A254B55001F1302 /* PDFReader */ = {
			isa = PBXGroup;
			children = (
				EF7EB2091A254B9C001F1302 /* Classes */,
				EF7EB2101A254B9C001F1302 /* Graphics */,
				EF7EB22A1A254B9C001F1302 /* Sources */,
			);
			name = PDFReader;
			sourceTree = "<group>";
		};
		EF7EB2091A254B9C001F1302 /* Classes */ = {
			isa = PBXGroup;
			children = (
				EF7EB20A1A254B9C001F1302 /* ReaderAppDelegate.h */,
				EF7EB20B1A254B9C001F1302 /* ReaderAppDelegate.m */,
				EF7EB20C1A254B9C001F1302 /* ReaderBookDelegate.h */,
				EF7EB20D1A254B9C001F1302 /* ReaderBookDelegate.m */,
				EF7EB20E1A254B9C001F1302 /* ReaderDemoController.h */,
				EF7EB20F1A254B9C001F1302 /* ReaderDemoController.m */,
			);
			path = Classes;
			sourceTree = "<group>";
		};
		EF7EB2101A254B9C001F1302 /* Graphics */ = {
			isa = PBXGroup;
			children = (
				EF7EB2111A254B9C001F1302 /* AppIcon-057.png */,
				EF7EB2121A254B9C001F1302 /* AppIcon-072.png */,
				EF7EB2131A254B9C001F1302 /* AppIcon-076.png */,
				EF7EB2141A254B9C001F1302 /* AppIcon-114.png */,
				EF7EB2151A254B9C001F1302 /* AppIcon-120.png */,
				EF7EB2161A254B9C001F1302 /* AppIcon-144.png */,
				EF7EB2171A254B9C001F1302 /* AppIcon-152.png */,
				EF7EB2181A254B9C001F1302 /* AppIcon-180.png */,
				EF7EB2191A254B9C001F1302 /* Default-568h@2x.png */,
				EF7EB21A1A254B9C001F1302 /* Reader-Button-H.png */,
				EF7EB21B1A254B9C001F1302 /* Reader-Button-H@2x.png */,
				EF7EB21C1A254B9C001F1302 /* Reader-Button-N.png */,
				EF7EB21D1A254B9C001F1302 /* Reader-Button-N@2x.png */,
				EF7EB21E1A254B9C001F1302 /* Reader-Email.png */,
				EF7EB21F1A254B9C001F1302 /* Reader-Email@2x.png */,
				EF7EB2201A254B9C001F1302 /* Reader-Export.png */,
				EF7EB2211A254B9C001F1302 /* Reader-Export@2x.png */,
				EF7EB2221A254B9C001F1302 /* Reader-Mark-N.png */,
				EF7EB2231A254B9C001F1302 /* Reader-Mark-N@2x.png */,
				EF7EB2241A254B9C001F1302 /* Reader-Mark-Y.png */,
				EF7EB2251A254B9C001F1302 /* Reader-Mark-Y@2x.png */,
				EF7EB2261A254B9C001F1302 /* Reader-Print.png */,
				EF7EB2271A254B9C001F1302 /* Reader-Print@2x.png */,
				EF7EB2281A254B9C001F1302 /* Reader-Thumbs.png */,
				EF7EB2291A254B9C001F1302 /* Reader-Thumbs@2x.png */,
			);
			path = Graphics;
			sourceTree = "<group>";
		};
		EF7EB22A1A254B9C001F1302 /* Sources */ = {
			isa = PBXGroup;
			children = (
				EF7EB22B1A254B9C001F1302 /* CGPDFDocument.h */,
				EF7EB22C1A254B9C001F1302 /* CGPDFDocument.m */,
				EF7EB22D1A254B9C001F1302 /* ReaderConstants.h */,
				EF7EB22E1A254B9C001F1302 /* ReaderConstants.m */,
				EF7EB22F1A254B9C001F1302 /* ReaderContentPage.h */,
				EF7EB2301A254B9C001F1302 /* ReaderContentPage.m */,
				EF7EB2311A254B9C001F1302 /* ReaderContentTile.h */,
				EF7EB2321A254B9C001F1302 /* ReaderContentTile.m */,
				EF7EB2331A254B9C001F1302 /* ReaderContentView.h */,
				EF7EB2341A254B9C001F1302 /* ReaderContentView.m */,
				EF7EB2351A254B9C001F1302 /* ReaderDocument.h */,
				EF7EB2361A254B9C001F1302 /* ReaderDocument.m */,
				EF7EB2371A254B9C001F1302 /* ReaderDocumentOutline.h */,
				EF7EB2381A254B9C001F1302 /* ReaderDocumentOutline.m */,
				EF7EB2391A254B9C001F1302 /* ReaderMainPagebar.h */,
				EF7EB23A1A254B9C001F1302 /* ReaderMainPagebar.m */,
				EF7EB23B1A254B9C001F1302 /* ReaderMainToolbar.h */,
				EF7EB23C1A254B9C001F1302 /* ReaderMainToolbar.m */,
				EF7EB23D1A254B9C001F1302 /* ReaderThumbCache.h */,
				EF7EB23E1A254B9C001F1302 /* ReaderThumbCache.m */,
				EF7EB23F1A254B9C001F1302 /* ReaderThumbFetch.h */,
				EF7EB2401A254B9C001F1302 /* ReaderThumbFetch.m */,
				EF7EB2411A254B9C001F1302 /* ReaderThumbQueue.h */,
				EF7EB2421A254B9C001F1302 /* ReaderThumbQueue.m */,
				EF7EB2431A254B9C001F1302 /* ReaderThumbRender.h */,
				EF7EB2441A254B9C001F1302 /* ReaderThumbRender.m */,
				EF7EB2451A254B9C001F1302 /* ReaderThumbRequest.h */,
				EF7EB2461A254B9C001F1302 /* ReaderThumbRequest.m */,
				EF7EB2471A254B9C001F1302 /* ReaderThumbsView.h */,
				EF7EB2481A254B9C001F1302 /* ReaderThumbsView.m */,
				EF7EB2491A254B9C001F1302 /* ReaderThumbView.h */,
				EF7EB24A1A254B9C001F1302 /* ReaderThumbView.m */,
				EF7EB24B1A254B9C001F1302 /* ReaderViewController.h */,
				EF7EB24C1A254B9C001F1302 /* ReaderViewController.m */,
				EF7EB24D1A254B9C001F1302 /* ThumbsMainToolbar.h */,
				EF7EB24E1A254B9C001F1302 /* ThumbsMainToolbar.m */,
				EF7EB24F1A254B9C001F1302 /* ThumbsViewController.h */,
				EF7EB2501A254B9C001F1302 /* ThumbsViewController.m */,
				EF7EB2511A254B9C001F1302 /* UIXToolbarView.h */,
				EF7EB2521A254B9C001F1302 /* UIXToolbarView.m */,
			);
			path = Sources;
			sourceTree = "<group>";
		};
		EF92FFD11A02E506000AAE45 /* Uebersicht */ = {
			isa = PBXGroup;
			children = (
				EF68EC951A02CB8600AD9663 /* FirstViewController.h */,
				EF68EC961A02CB8600AD9663 /* FirstViewController.m */,
				EF92FFD21A02E541000AAE45 /* HighLowCell.xib */,
				EF1915D11A04147000605B73 /* AddValueController.h */,
				EF1915D21A04147000605B73 /* AddValueController.m */,
				EF92FFD41A02E763000AAE45 /* HighLowCell.h */,
				EF92FFD51A02E763000AAE45 /* HighLowCell.m */,
				EF92FFD91A02EF0F000AAE45 /* MeasureCell.h */,
				EFEADD2B1A037B1F001332C7 /* MeasureCell.xib */,
				EF92FFDA1A02EF0F000AAE45 /* MeasureCell.m */,
				EF92FFDE1A02F5CB000AAE45 /* UserCell.xib */,
				EF92FFE21A02F764000AAE45 /* UserCell.h */,
				EF92FFE31A02F764000AAE45 /* UserCell.m */,
				EF7163B41A04365700CDF001 /* ExportViewController.h */,
				EF7163B51A04365700CDF001 /* ExportViewController.m */,
			);
			name = Uebersicht;
			sourceTree = "<group>";
		};
		EFF89A691A06425A00398332 /* ManagedObjects */ = {
			isa = PBXGroup;
			children = (
				EFF89A6A1A06428B00398332 /* Blutzucker.h */,
				EFF89A6B1A06428B00398332 /* Blutzucker.m */,
				EFF89AA41A0690D300398332 /* Blutdruck.h */,
				EFF89AA51A0690D300398332 /* Blutdruck.m */,
				EFF89AA71A0690DF00398332 /* Puls.h */,
				EFF89AA81A0690DF00398332 /* Puls.m */,
				EFFFA2151A14C4A0003D55D7 /* Material.h */,
				EFFFA2161A14C4A0003D55D7 /* Material.m */,
				EFD35D0A1A1607DF009A02AC /* HbA1c.h */,
				EFD35D0B1A1607DF009A02AC /* HbA1c.m */,
				EF2858FF1A2A12C300070BAC /* Profil.h */,
				EF2859001A2A12C300070BAC /* Profil.m */,
				EF2859021A2A2A4600070BAC /* Werteeinstellungen.h */,
				EF2859031A2A2A4600070BAC /* Werteeinstellungen.m */,
				EF2859051A2A2E2C00070BAC /* HbA1cEinstellungen.h */,
				EF2859061A2A2E2C00070BAC /* HbA1cEinstellungen.m */,
			);
			name = ManagedObjects;
			sourceTree = "<group>";
		};
/* End PBXGroup section */

/* Begin PBXNativeTarget section */
		EF68EC8A1A02CB8600AD9663 /* sugarME */ = {
			isa = PBXNativeTarget;
			buildConfigurationList = EF68ECB11A02CB8600AD9663 /* Build configuration list for PBXNativeTarget "sugarME" */;
			buildPhases = (
				EF68EC871A02CB8600AD9663 /* Sources */,
				EF68EC881A02CB8600AD9663 /* Frameworks */,
				EF68EC891A02CB8600AD9663 /* Resources */,
			);
			buildRules = (
			);
			dependencies = (
			);
			name = sugarME;
			productName = sugarME;
			productReference = EF68EC8B1A02CB8600AD9663 /* sugarME.app */;
			productType = "com.apple.product-type.application";
		};
		EF68ECA61A02CB8600AD9663 /* sugarMETests */ = {
			isa = PBXNativeTarget;
			buildConfigurationList = EF68ECB41A02CB8600AD9663 /* Build configuration list for PBXNativeTarget "sugarMETests" */;
			buildPhases = (
				EF68ECA31A02CB8600AD9663 /* Sources */,
				EF68ECA41A02CB8600AD9663 /* Frameworks */,
				EF68ECA51A02CB8600AD9663 /* Resources */,
			);
			buildRules = (
			);
			dependencies = (
				EF68ECA91A02CB8600AD9663 /* PBXTargetDependency */,
			);
			name = sugarMETests;
			productName = sugarMETests;
			productReference = EF68ECA71A02CB8600AD9663 /* sugarMETests.xctest */;
			productType = "com.apple.product-type.bundle.unit-test";
		};
/* End PBXNativeTarget section */

/* Begin PBXProject section */
		EF68EC831A02CB8600AD9663 /* Project object */ = {
			isa = PBXProject;
			attributes = {
				LastUpgradeCheck = 0610;
				ORGANIZATIONNAME = "Berner Fachhochschule";
				TargetAttributes = {
					EF68EC8A1A02CB8600AD9663 = {
						CreatedOnToolsVersion = 6.1;
						DevelopmentTeam = 858Y9EWZ4B;
					};
					EF68ECA61A02CB8600AD9663 = {
						CreatedOnToolsVersion = 6.1;
						TestTargetID = EF68EC8A1A02CB8600AD9663;
					};
				};
			};
			buildConfigurationList = EF68EC861A02CB8600AD9663 /* Build configuration list for PBXProject "sugarME" */;
			compatibilityVersion = "Xcode 3.2";
			developmentRegion = English;
			hasScannedForEncodings = 0;
			knownRegions = (
				en,
				Base,
			);
			mainGroup = EF68EC821A02CB8600AD9663;
			productRefGroup = EF68EC8C1A02CB8600AD9663 /* Products */;
			projectDirPath = "";
			projectRoot = "";
			targets = (
				EF68EC8A1A02CB8600AD9663 /* sugarME */,
				EF68ECA61A02CB8600AD9663 /* sugarMETests */,
			);
		};
/* End PBXProject section */

/* Begin PBXResourcesBuildPhase section */
		EF68EC891A02CB8600AD9663 /* Resources */ = {
			isa = PBXResourcesBuildPhase;
			buildActionMask = 2147483647;
			files = (
				EF7EB2651A254B9C001F1302 /* Reader-Export.png in Resources */,
				EF7EB2631A254B9C001F1302 /* Reader-Email.png in Resources */,
				EFFFA2141A14BD85003D55D7 /* thumbaccucheck.jpg in Resources */,
				EF7EB2661A254B9C001F1302 /* Reader-Export@2x.png in Resources */,
				EFFFA2101A14BAEF003D55D7 /* thumbsoftzellin.jpg in Resources */,
				EF867F1B1A24C70C00D3D1EA /* blutdruckmesser-2.jpg in Resources */,
				EF68ECCE1A02D68200AD9663 /* settings.png in Resources */,
				EF867F171A24C4DE00D3D1EA /* pulsimage.png in Resources */,
				EF7EB25E1A254B9C001F1302 /* Default-568h@2x.png in Resources */,
				EF1915BD1A04004400605B73 /* ValueCell.xib in Resources */,
				EF7EB2581A254B9C001F1302 /* AppIcon-076.png in Resources */,
				EF68ECCF1A02D68200AD9663 /* settings@2x.png in Resources */,
				EF68ECD31A02D78A00AD9663 /* tools.png in Resources */,
				EFB325C81A24E9280043C718 /* hba1cimage.png in Resources */,
				EFFFA2121A14BC60003D55D7 /* thumbnovofine.jpg in Resources */,
				EF68EC9D1A02CB8600AD9663 /* Main.storyboard in Resources */,
				EF7EB2691A254B9C001F1302 /* Reader-Mark-Y.png in Resources */,
				EF7EB26B1A254B9C001F1302 /* Reader-Print.png in Resources */,
				EF867F191A24C58500D3D1EA /* pulsimage2.jpg in Resources */,
				EF68ECC71A02D46400AD9663 /* home.png in Resources */,
				EF68ECD21A02D78A00AD9663 /* tools@2x.png in Resources */,
				EF68ECCB1A02D5C300AD9663 /* werte@2x.png in Resources */,
				EF7EB2611A254B9C001F1302 /* Reader-Button-N.png in Resources */,
				EF7EB25C1A254B9C001F1302 /* AppIcon-152.png in Resources */,
				EF7EB2671A254B9C001F1302 /* Reader-Mark-N.png in Resources */,
				EF7EB2621A254B9C001F1302 /* Reader-Button-N@2x.png in Resources */,
				EF68ECC61A02D46400AD9663 /* home@2x.png in Resources */,
				EF68ECA21A02CB8600AD9663 /* LaunchScreen.xib in Resources */,
				EF7EB2641A254B9C001F1302 /* Reader-Email@2x.png in Resources */,
				EF92FFE11A02F6A0000AAE45 /* user-icon.png in Resources */,
				EF7EB25B1A254B9C001F1302 /* AppIcon-144.png in Resources */,
				EF7EB26D1A254B9C001F1302 /* Reader-Thumbs.png in Resources */,
				EFFFA20E1A14BAEB003D55D7 /* barcode.png in Resources */,
				EF7EB2601A254B9C001F1302 /* Reader-Button-H@2x.png in Resources */,
				EF1915C51A04052D00605B73 /* EmptyCell.xib in Resources */,
				EF68ECD71A02D82F00AD9663 /* hba1c@2x.png in Resources */,
				EFEB47F61A276F8700284B64 /* blutzucker.png in Resources */,
				EF869B721A18CD9900D9F02A /* thumblantus-1.jpg in Resources */,
				EF7EB26A1A254B9C001F1302 /* Reader-Mark-Y@2x.png in Resources */,
				EF7EB2571A254B9C001F1302 /* AppIcon-072.png in Resources */,
				EFFFA20A1A14BAE7003D55D7 /* thumblantus.jpg in Resources */,
				EFFFA2021A14B315003D55D7 /* bfh-logo.png in Resources */,
				EFFFA2061A14B782003D55D7 /* sugarMElogo.png in Resources */,
				EF7EB2681A254B9C001F1302 /* Reader-Mark-N@2x.png in Resources */,
				EFFFA2091A14BAE7003D55D7 /* thumbnovo2.jpg in Resources */,
				EF92FFD31A02E541000AAE45 /* HighLowCell.xib in Resources */,
				EF7EB25F1A254B9C001F1302 /* Reader-Button-H.png in Resources */,
				EF92FFDF1A02F5CB000AAE45 /* UserCell.xib in Resources */,
				EFEADD2C1A037B1F001332C7 /* MeasureCell.xib in Resources */,
				EF68EC9F1A02CB8600AD9663 /* Images.xcassets in Resources */,
				EF7EB25D1A254B9C001F1302 /* AppIcon-180.png in Resources */,
				EF7EB2561A254B9C001F1302 /* AppIcon-057.png in Resources */,
				EF7EB2591A254B9C001F1302 /* AppIcon-114.png in Resources */,
				EF68ECCA1A02D5C300AD9663 /* werte.png in Resources */,
				EF7EB26E1A254B9C001F1302 /* Reader-Thumbs@2x.png in Resources */,
				EF7EB26C1A254B9C001F1302 /* Reader-Print@2x.png in Resources */,
				EF7EB25A1A254B9C001F1302 /* AppIcon-120.png in Resources */,
				EF68ECD61A02D82F00AD9663 /* hba1c.png in Resources */,
			);
			runOnlyForDeploymentPostprocessing = 0;
		};
		EF68ECA51A02CB8600AD9663 /* Resources */ = {
			isa = PBXResourcesBuildPhase;
			buildActionMask = 2147483647;
			files = (
			);
			runOnlyForDeploymentPostprocessing = 0;
		};
/* End PBXResourcesBuildPhase section */

/* Begin PBXSourcesBuildPhase section */
		EF68EC871A02CB8600AD9663 /* Sources */ = {
			isa = PBXSourcesBuildPhase;
			buildActionMask = 2147483647;
			files = (
				EF0BFB5F1A27DE1F00F0F8AE /* NSString+DDXML.m in Sources */,
				EF0BFB831A27DE4B00F0F8AE /* TIFPHARMA_ITEM_STATUS.m in Sources */,
				EFF89AA91A0690DF00398332 /* Puls.m in Sources */,
				EFD35D0F1A160A52009A02AC /* AddHbA1cViewController.m in Sources */,
				EF0BFB851A27DE4B00F0F8AE /* TIFPHARMA_RESULT_OK_ERROR.m in Sources */,
				EF0BFB681A27DE2700F0F8AE /* DDXMLElement.m in Sources */,
				EF1915C81A04056B00605B73 /* EmptyCell.m in Sources */,
				EF0BFB8A1A27DE4B00F0F8AE /* TIFws_Pharma_V101Soap.m in Sources */,
				EF7EB2531A254B9C001F1302 /* ReaderAppDelegate.m in Sources */,
				EF2858FD1A29CF1100070BAC /* HbA1cViewController.m in Sources */,
				EF92FFDB1A02EF0F000AAE45 /* MeasureCell.m in Sources */,
				EF68ECC21A02D2EC00AD9663 /* FifthViewController.m in Sources */,
				EF7EB2781A254B9C001F1302 /* ReaderThumbCache.m in Sources */,
				EF869B701A18CBCC00D9F02A /* DetailMaterialViewController.m in Sources */,
				EF68ECBF1A02D15900AD9663 /* TabBarController.m in Sources */,
				EF2858FB1A29CF1100070BAC /* EinheitenViewController.m in Sources */,
				EF68ECBC1A02CF2B00AD9663 /* FourthViewController.m in Sources */,
				EF7EB2791A254B9C001F1302 /* ReaderThumbFetch.m in Sources */,
				EF7EB27E1A254B9C001F1302 /* ReaderThumbView.m in Sources */,
				EF7EB2721A254B9C001F1302 /* ReaderContentTile.m in Sources */,
				EFF89A6C1A06428B00398332 /* Blutzucker.m in Sources */,
				EFE720461A18DD2B00F7E637 /* AddMaterialViewController.m in Sources */,
				EF0BFB671A27DE2700F0F8AE /* DDXMLDocument.m in Sources */,
				EF0BFB811A27DE4B00F0F8AE /* TIFHelper.m in Sources */,
				EF0BFB891A27DE4B00F0F8AE /* TIFSoapError.m in Sources */,
				EF2858FE1A29CF1100070BAC /* MaterialViewController.m in Sources */,
				EF7EB27F1A254B9C001F1302 /* ReaderViewController.m in Sources */,
				EF7EB2751A254B9C001F1302 /* ReaderDocumentOutline.m in Sources */,
				EF0BFB8B1A27DE4B00F0F8AE /* TIFws_Pharma_V101Soap12.m in Sources */,
				EF2858FA1A29CF1100070BAC /* ProfileViewController.m in Sources */,
				EF7EB2771A254B9C001F1302 /* ReaderMainToolbar.m in Sources */,
				EF0BFB871A27DE4B00F0F8AE /* TIFPHARMA.m in Sources */,
				EF0BFB691A27DE2700F0F8AE /* DDXMLNode.m in Sources */,
				EF7EB2801A254B9C001F1302 /* ThumbsMainToolbar.m in Sources */,
				EF7EB2741A254B9C001F1302 /* ReaderDocument.m in Sources */,
				EF7EB26F1A254B9C001F1302 /* CGPDFDocument.m in Sources */,
				EFD35D121A160FED009A02AC /* AmpelView.m in Sources */,
				EFEB47EF1A27514900284B64 /* Barcode.m in Sources */,
				EF7EB27B1A254B9C001F1302 /* ReaderThumbRender.m in Sources */,
				EF7EB2551A254B9C001F1302 /* ReaderDemoController.m in Sources */,
				EF68EC9A1A02CB8600AD9663 /* SecondViewController.m in Sources */,
				EF92FFD61A02E763000AAE45 /* HighLowCell.m in Sources */,
				EF7EB2761A254B9C001F1302 /* ReaderMainPagebar.m in Sources */,
				EF2859041A2A2A4600070BAC /* Werteeinstellungen.m in Sources */,
				EF1915D31A04147000605B73 /* AddValueController.m in Sources */,
				EFF89A681A06415700398332 /* sugarmeDB.xcdatamodeld in Sources */,
				EF7EB2541A254B9C001F1302 /* ReaderBookDelegate.m in Sources */,
				EF2859011A2A12C300070BAC /* Profil.m in Sources */,
				EFBF64F81A0A312A00D31A8B /* GraphView.m in Sources */,
				EF68ECB91A02CF1500AD9663 /* ThirdViewController.m in Sources */,
				EF7EB2701A254B9C001F1302 /* ReaderConstants.m in Sources */,
				EF0BFB861A27DE4B00F0F8AE /* TIFPHARMA_RESULT.m in Sources */,
				EF68EC941A02CB8600AD9663 /* AppDelegate.m in Sources */,
				EF0BFB841A27DE4B00F0F8AE /* TIFPHARMA_ITEM.m in Sources */,
				EFF89AA61A0690D300398332 /* Blutdruck.m in Sources */,
				EF7EB2811A254B9C001F1302 /* ThumbsViewController.m in Sources */,
				EF2858FC1A29CF1100070BAC /* WerteViewController.m in Sources */,
				EFEB47F21A2751CE00284B64 /* ScannerViewController.m in Sources */,
				EFFFA2171A14C4A0003D55D7 /* Material.m in Sources */,
				EF7EB27A1A254B9C001F1302 /* ReaderThumbQueue.m in Sources */,
				EF0BFB5C1A27DE1500F0F8AE /* DDXMLElementAdditions.m in Sources */,
				EF7EB2711A254B9C001F1302 /* ReaderContentPage.m in Sources */,
				EF68EC971A02CB8600AD9663 /* FirstViewController.m in Sources */,
				EFD35D0C1A1607DF009A02AC /* HbA1c.m in Sources */,
				EF7EB27C1A254B9C001F1302 /* ReaderThumbRequest.m in Sources */,
				EF7EB27D1A254B9C001F1302 /* ReaderThumbsView.m in Sources */,
				EF2859071A2A2E2C00070BAC /* HbA1cEinstellungen.m in Sources */,
				EF7EB2731A254B9C001F1302 /* ReaderContentView.m in Sources */,
				EF0BFB821A27DE4B00F0F8AE /* TIFPHARMA_ITEM_COMP.m in Sources */,
				EF92FFE41A02F764000AAE45 /* UserCell.m in Sources */,
				EF68EC911A02CB8600AD9663 /* main.m in Sources */,
				EF7EB2821A254B9C001F1302 /* UIXToolbarView.m in Sources */,
				EF0BFB881A27DE4B00F0F8AE /* TIFRequestResultHandler.m in Sources */,
				EF1915C31A04008A00605B73 /* ValueCell.m in Sources */,
				EF7163B61A04365700CDF001 /* ExportViewController.m in Sources */,
			);
			runOnlyForDeploymentPostprocessing = 0;
		};
		EF68ECA31A02CB8600AD9663 /* Sources */ = {
			isa = PBXSourcesBuildPhase;
			buildActionMask = 2147483647;
			files = (
				EF68ECAE1A02CB8600AD9663 /* sugarMETests.m in Sources */,
			);
			runOnlyForDeploymentPostprocessing = 0;
		};
/* End PBXSourcesBuildPhase section */

/* Begin PBXTargetDependency section */
		EF68ECA91A02CB8600AD9663 /* PBXTargetDependency */ = {
			isa = PBXTargetDependency;
			target = EF68EC8A1A02CB8600AD9663 /* sugarME */;
			targetProxy = EF68ECA81A02CB8600AD9663 /* PBXContainerItemProxy */;
		};
/* End PBXTargetDependency section */

/* Begin PBXVariantGroup section */
		EF68EC9B1A02CB8600AD9663 /* Main.storyboard */ = {
			isa = PBXVariantGroup;
			children = (
				EF68EC9C1A02CB8600AD9663 /* Base */,
			);
			name = Main.storyboard;
			sourceTree = "<group>";
		};
		EF68ECA01A02CB8600AD9663 /* LaunchScreen.xib */ = {
			isa = PBXVariantGroup;
			children = (
				EF68ECA11A02CB8600AD9663 /* Base */,
			);
			name = LaunchScreen.xib;
			sourceTree = "<group>";
		};
/* End PBXVariantGroup section */

/* Begin XCBuildConfiguration section */
		EF68ECAF1A02CB8600AD9663 /* Debug */ = {
			isa = XCBuildConfiguration;
			buildSettings = {
				ALWAYS_SEARCH_USER_PATHS = NO;
				CLANG_CXX_LANGUAGE_STANDARD = "gnu++0x";
				CLANG_CXX_LIBRARY = "libc++";
				CLANG_ENABLE_MODULES = YES;
				CLANG_ENABLE_OBJC_ARC = YES;
				CLANG_WARN_BOOL_CONVERSION = YES;
				CLANG_WARN_CONSTANT_CONVERSION = YES;
				CLANG_WARN_DIRECT_OBJC_ISA_USAGE = YES_ERROR;
				CLANG_WARN_EMPTY_BODY = YES;
				CLANG_WARN_ENUM_CONVERSION = YES;
				CLANG_WARN_INT_CONVERSION = YES;
				CLANG_WARN_OBJC_ROOT_CLASS = YES_ERROR;
				CLANG_WARN_UNREACHABLE_CODE = YES;
				CLANG_WARN__DUPLICATE_METHOD_MATCH = YES;
				"CODE_SIGN_IDENTITY[sdk=iphoneos*]" = "iPhone Developer";
				COPY_PHASE_STRIP = NO;
				ENABLE_STRICT_OBJC_MSGSEND = YES;
				GCC_C_LANGUAGE_STANDARD = gnu99;
				GCC_DYNAMIC_NO_PIC = NO;
				GCC_OPTIMIZATION_LEVEL = 0;
				GCC_PREPROCESSOR_DEFINITIONS = (
					"DEBUG=1",
					"$(inherited)",
				);
				GCC_SYMBOLS_PRIVATE_EXTERN = NO;
				GCC_WARN_64_TO_32_BIT_CONVERSION = YES;
				GCC_WARN_ABOUT_RETURN_TYPE = YES_ERROR;
				GCC_WARN_UNDECLARED_SELECTOR = YES;
				GCC_WARN_UNINITIALIZED_AUTOS = YES_AGGRESSIVE;
				GCC_WARN_UNUSED_FUNCTION = YES;
				GCC_WARN_UNUSED_VARIABLE = YES;
				IPHONEOS_DEPLOYMENT_TARGET = 8.1;
				MTL_ENABLE_DEBUG_INFO = YES;
				ONLY_ACTIVE_ARCH = YES;
				SDKROOT = iphoneos;
			};
			name = Debug;
		};
		EF68ECB01A02CB8600AD9663 /* Release */ = {
			isa = XCBuildConfiguration;
			buildSettings = {
				ALWAYS_SEARCH_USER_PATHS = NO;
				CLANG_CXX_LANGUAGE_STANDARD = "gnu++0x";
				CLANG_CXX_LIBRARY = "libc++";
				CLANG_ENABLE_MODULES = YES;
				CLANG_ENABLE_OBJC_ARC = YES;
				CLANG_WARN_BOOL_CONVERSION = YES;
				CLANG_WARN_CONSTANT_CONVERSION = YES;
				CLANG_WARN_DIRECT_OBJC_ISA_USAGE = YES_ERROR;
				CLANG_WARN_EMPTY_BODY = YES;
				CLANG_WARN_ENUM_CONVERSION = YES;
				CLANG_WARN_INT_CONVERSION = YES;
				CLANG_WARN_OBJC_ROOT_CLASS = YES_ERROR;
				CLANG_WARN_UNREACHABLE_CODE = YES;
				CLANG_WARN__DUPLICATE_METHOD_MATCH = YES;
				"CODE_SIGN_IDENTITY[sdk=iphoneos*]" = "iPhone Developer";
				COPY_PHASE_STRIP = YES;
				ENABLE_NS_ASSERTIONS = NO;
				ENABLE_STRICT_OBJC_MSGSEND = YES;
				GCC_C_LANGUAGE_STANDARD = gnu99;
				GCC_WARN_64_TO_32_BIT_CONVERSION = YES;
				GCC_WARN_ABOUT_RETURN_TYPE = YES_ERROR;
				GCC_WARN_UNDECLARED_SELECTOR = YES;
				GCC_WARN_UNINITIALIZED_AUTOS = YES_AGGRESSIVE;
				GCC_WARN_UNUSED_FUNCTION = YES;
				GCC_WARN_UNUSED_VARIABLE = YES;
				IPHONEOS_DEPLOYMENT_TARGET = 8.1;
				MTL_ENABLE_DEBUG_INFO = NO;
				SDKROOT = iphoneos;
				VALIDATE_PRODUCT = YES;
			};
			name = Release;
		};
		EF68ECB21A02CB8600AD9663 /* Debug */ = {
			isa = XCBuildConfiguration;
			buildSettings = {
				ASSETCATALOG_COMPILER_APPICON_NAME = AppIcon;
				HEADER_SEARCH_PATHS = (
					"$(inherited)",
					/Applications/Xcode.app/Contents/Developer/Toolchains/XcodeDefault.xctoolchain/usr/include,
					/usr/include/libxml2,
				);
				INFOPLIST_FILE = sugarME/Info.plist;
				LD_RUNPATH_SEARCH_PATHS = "$(inherited) @executable_path/Frameworks";
				OTHER_LDFLAGS = "-lxml2";
				PRODUCT_NAME = "$(TARGET_NAME)";
			};
			name = Debug;
		};
		EF68ECB31A02CB8600AD9663 /* Release */ = {
			isa = XCBuildConfiguration;
			buildSettings = {
				ASSETCATALOG_COMPILER_APPICON_NAME = AppIcon;
				HEADER_SEARCH_PATHS = (
					"$(inherited)",
					/Applications/Xcode.app/Contents/Developer/Toolchains/XcodeDefault.xctoolchain/usr/include,
					/usr/include/libxml2,
				);
				INFOPLIST_FILE = sugarME/Info.plist;
				LD_RUNPATH_SEARCH_PATHS = "$(inherited) @executable_path/Frameworks";
				OTHER_LDFLAGS = "-lxml2";
				PRODUCT_NAME = "$(TARGET_NAME)";
			};
			name = Release;
		};
		EF68ECB51A02CB8600AD9663 /* Debug */ = {
			isa = XCBuildConfiguration;
			buildSettings = {
				BUNDLE_LOADER = "$(TEST_HOST)";
				FRAMEWORK_SEARCH_PATHS = (
					"$(SDKROOT)/Developer/Library/Frameworks",
					"$(inherited)",
				);
				GCC_PREPROCESSOR_DEFINITIONS = (
					"DEBUG=1",
					"$(inherited)",
				);
				INFOPLIST_FILE = sugarMETests/Info.plist;
				LD_RUNPATH_SEARCH_PATHS = "$(inherited) @executable_path/Frameworks @loader_path/Frameworks";
				PRODUCT_NAME = "$(TARGET_NAME)";
				TEST_HOST = "$(BUILT_PRODUCTS_DIR)/sugarME.app/sugarME";
			};
			name = Debug;
		};
		EF68ECB61A02CB8600AD9663 /* Release */ = {
			isa = XCBuildConfiguration;
			buildSettings = {
				BUNDLE_LOADER = "$(TEST_HOST)";
				FRAMEWORK_SEARCH_PATHS = (
					"$(SDKROOT)/Developer/Library/Frameworks",
					"$(inherited)",
				);
				INFOPLIST_FILE = sugarMETests/Info.plist;
				LD_RUNPATH_SEARCH_PATHS = "$(inherited) @executable_path/Frameworks @loader_path/Frameworks";
				PRODUCT_NAME = "$(TARGET_NAME)";
				TEST_HOST = "$(BUILT_PRODUCTS_DIR)/sugarME.app/sugarME";
			};
			name = Release;
		};
/* End XCBuildConfiguration section */

/* Begin XCConfigurationList section */
		EF68EC861A02CB8600AD9663 /* Build configuration list for PBXProject "sugarME" */ = {
			isa = XCConfigurationList;
			buildConfigurations = (
				EF68ECAF1A02CB8600AD9663 /* Debug */,
				EF68ECB01A02CB8600AD9663 /* Release */,
			);
			defaultConfigurationIsVisible = 0;
			defaultConfigurationName = Release;
		};
		EF68ECB11A02CB8600AD9663 /* Build configuration list for PBXNativeTarget "sugarME" */ = {
			isa = XCConfigurationList;
			buildConfigurations = (
				EF68ECB21A02CB8600AD9663 /* Debug */,
				EF68ECB31A02CB8600AD9663 /* Release */,
			);
			defaultConfigurationIsVisible = 0;
			defaultConfigurationName = Release;
		};
		EF68ECB41A02CB8600AD9663 /* Build configuration list for PBXNativeTarget "sugarMETests" */ = {
			isa = XCConfigurationList;
			buildConfigurations = (
				EF68ECB51A02CB8600AD9663 /* Debug */,
				EF68ECB61A02CB8600AD9663 /* Release */,
			);
			defaultConfigurationIsVisible = 0;
			defaultConfigurationName = Release;
		};
/* End XCConfigurationList section */

/* Begin XCVersionGroup section */
		EFF89A661A06415700398332 /* sugarmeDB.xcdatamodeld */ = {
			isa = XCVersionGroup;
			children = (
				EFF89A671A06415700398332 /* sugarmeDB.xcdatamodel */,
			);
			currentVersion = EFF89A671A06415700398332 /* sugarmeDB.xcdatamodel */;
			path = sugarmeDB.xcdatamodeld;
			sourceTree = "<group>";
			versionGroupType = wrapper.xcdatamodel;
		};
/* End XCVersionGroup section */
	};
	rootObject = EF68EC831A02CB8600AD9663 /* Project object */;
}
